// !$*UTF8*$!
{
	archiveVersion = 1;
	classes = {
	};
	objectVersion = 46;
	objects = {

/* Begin PBXBuildFile section */
		0B7B64287C45F1E2FA75F2D5 /* libsqlite3.tbd in Frameworks */ = {isa = PBXBuildFile; fileRef = 3EE8DDC816CE7CEDA51FFBDD /* libsqlite3.tbd */; };
		0C8636F0681CA0313C23242E /* libstdc++.tbd in Frameworks */ = {isa = PBXBuildFile; fileRef = EEBC0BE3B63A6F0A606FCE52 /* libstdc++.tbd */; };
		152087323F1011D9CAF63A30 /* SystemConfiguration.framework in Frameworks */ = {isa = PBXBuildFile; fileRef = E77FDDEE6084EA82876F6120 /* SystemConfiguration.framework */; };
		2113E83C1D8FA1BB00230E00 /* AMapSearchKit.framework in Frameworks */ = {isa = PBXBuildFile; fileRef = 2113E8391D8FA1BB00230E00 /* AMapSearchKit.framework */; };
		2113E83D1D8FA1BB00230E00 /* MAMapKit.framework in Frameworks */ = {isa = PBXBuildFile; fileRef = 2113E83A1D8FA1BB00230E00 /* MAMapKit.framework */; };
		212F8DB51D93764500A17850 /* AMapFoundationKit.framework in Frameworks */ = {isa = PBXBuildFile; fileRef = 212F8DB41D93764500A17850 /* AMapFoundationKit.framework */; };
		2151FF961DE687C60031FCB8 /* CustomView.m in Sources */ = {isa = PBXBuildFile; fileRef = 2151FF951DE687C60031FCB8 /* CustomView.m */; };
		221A2B35B43889A6572E83F1 /* ImageIO.framework in Frameworks */ = {isa = PBXBuildFile; fileRef = 0E2B20036702381588C632FF /* ImageIO.framework */; };
		289A93DEA82E6B937496CFAC /* AppCanEngine.framework in Frameworks */ = {isa = PBXBuildFile; fileRef = 0254734903B0EB1D70447235 /* AppCanEngine.framework */; };
		2A1E46B9B2C6FE8F934D33B7 /* CoreMotion.framework in Frameworks */ = {isa = PBXBuildFile; fileRef = E9C3F1433F18853C1BBC9478 /* CoreMotion.framework */; };
		38B6F84DE280ACA5B7DE44B3 /* QuartzCore.framework in Frameworks */ = {isa = PBXBuildFile; fileRef = 1884A4D6C2B09CA5AA1B65E2 /* QuartzCore.framework */; };
		4235B2901B5739F9004DA814 /* GaodeError.m in Sources */ = {isa = PBXBuildFile; fileRef = 4235B2731B5739F9004DA814 /* GaodeError.m */; };
		4235B2911B5739F9004DA814 /* GaodeUtility.m in Sources */ = {isa = PBXBuildFile; fileRef = 4235B2751B5739F9004DA814 /* GaodeUtility.m */; };
		4235B2921B5739F9004DA814 /* GaodeCACalloutBase.m in Sources */ = {isa = PBXBuildFile; fileRef = 4235B2781B5739F9004DA814 /* GaodeCACalloutBase.m */; };
		4235B2931B5739F9004DA814 /* GaodeCACalloutTextBox.m in Sources */ = {isa = PBXBuildFile; fileRef = 4235B27B1B5739F9004DA814 /* GaodeCACalloutTextBox.m */; };
		4235B2941B5739F9004DA814 /* GaodeCustomAnnotationView.m in Sources */ = {isa = PBXBuildFile; fileRef = 4235B27D1B5739F9004DA814 /* GaodeCustomAnnotationView.m */; };
		4235B2951B5739F9004DA814 /* GaodeCircle.m in Sources */ = {isa = PBXBuildFile; fileRef = 4235B2811B5739F9004DA814 /* GaodeCircle.m */; };
		4235B2961B5739F9004DA814 /* GaodeGroundOverlay.m in Sources */ = {isa = PBXBuildFile; fileRef = 4235B2831B5739F9004DA814 /* GaodeGroundOverlay.m */; };
		4235B2971B5739F9004DA814 /* GaodeLocationStyle.m in Sources */ = {isa = PBXBuildFile; fileRef = 4235B2851B5739F9004DA814 /* GaodeLocationStyle.m */; };
		4235B2981B5739F9004DA814 /* GaodePointAnnotation.m in Sources */ = {isa = PBXBuildFile; fileRef = 4235B2881B5739F9004DA814 /* GaodePointAnnotation.m */; };
		4235B2991B5739F9004DA814 /* GaodePolygon.m in Sources */ = {isa = PBXBuildFile; fileRef = 4235B28A1B5739F9004DA814 /* GaodePolygon.m */; };
		4235B29A1B5739F9004DA814 /* GaodePolyline.m in Sources */ = {isa = PBXBuildFile; fileRef = 4235B28C1B5739F9004DA814 /* GaodePolyline.m */; };
		4235B29B1B5739F9004DA814 /* GaodeOfflineMapManager.m in Sources */ = {isa = PBXBuildFile; fileRef = 4235B28F1B5739F9004DA814 /* GaodeOfflineMapManager.m */; };
		4235B29E1B573A6E004DA814 /* GaodeOfflineInQueueItem.m in Sources */ = {isa = PBXBuildFile; fileRef = 4235B29D1B573A6E004DA814 /* GaodeOfflineInQueueItem.m */; };
		4247F9471B85DBBF00DDE38A /* GaodeCustomButton.m in Sources */ = {isa = PBXBuildFile; fileRef = 4247F9441B85DBBF00DDE38A /* GaodeCustomButton.m */; };
		4247F9481B85DBBF00DDE38A /* GaodeCustomButtonManager.m in Sources */ = {isa = PBXBuildFile; fileRef = 4247F9461B85DBBF00DDE38A /* GaodeCustomButtonManager.m */; };
		426E9BF81E0E1CF1006DABC7 /* JavaScriptCore.framework in Frameworks */ = {isa = PBXBuildFile; fileRef = 426E9BF71E0E1CF1006DABC7 /* JavaScriptCore.framework */; };
		429E86A31E0CCE5800DFB0E8 /* uexGaodeRouteSearch.m in Sources */ = {isa = PBXBuildFile; fileRef = 429E86A21E0CCE5800DFB0E8 /* uexGaodeRouteSearch.m */; };
		42A5E38C1BC7520F00E6E385 /* NSDictionary+uexGaodeMap.m in Sources */ = {isa = PBXBuildFile; fileRef = 42A5E38B1BC7520F00E6E385 /* NSDictionary+uexGaodeMap.m */; };
		473FEFC38ACF25D7F2242EA8 /* libz.tbd in Frameworks */ = {isa = PBXBuildFile; fileRef = 5A1412A8E0ECAA99FD0C8F6D /* libz.tbd */; };
		4781B8DF6B27DA18ABAF694D /* AudioToolbox.framework in Frameworks */ = {isa = PBXBuildFile; fileRef = 9E7ABB13AF18FC041F9EB707 /* AudioToolbox.framework */; };
		4EA211F690E4B53D9A160D8B /* MapKit.framework in Frameworks */ = {isa = PBXBuildFile; fileRef = 5F571152FF84981E017C4119 /* MapKit.framework */; };
		614F8EF1464CF1BDAFE589EE /* MobileCoreServices.framework in Frameworks */ = {isa = PBXBuildFile; fileRef = F05D7B1C7043F204912FAAFA /* MobileCoreServices.framework */; };
		96DB6BFF96A445377ABA2FC3 /* AVFoundation.framework in Frameworks */ = {isa = PBXBuildFile; fileRef = 79CE1E4D8C4F9EC6FB798C65 /* AVFoundation.framework */; };
		C62D1D3E1B05E3D1002B1875 /* EUExGaodeMap.m in Sources */ = {isa = PBXBuildFile; fileRef = C62D1D191B05E3D1002B1875 /* EUExGaodeMap.m */; };
		C62D1D411B05E3D1002B1875 /* EUExGaodeMapInstance.m in Sources */ = {isa = PBXBuildFile; fileRef = C62D1D211B05E3D1002B1875 /* EUExGaodeMapInstance.m */; };
		C62D1D4D1B05E421002B1875 /* UIKit.framework in Frameworks */ = {isa = PBXBuildFile; fileRef = C62D1D4C1B05E421002B1875 /* UIKit.framework */; };
		C62D1D4F1B05E433002B1875 /* Foundation.framework in Frameworks */ = {isa = PBXBuildFile; fileRef = C62D1D4E1B05E433002B1875 /* Foundation.framework */; };
		C62D1D511B05E43D002B1875 /* CoreGraphics.framework in Frameworks */ = {isa = PBXBuildFile; fileRef = C62D1D501B05E43D002B1875 /* CoreGraphics.framework */; };
		C62D1D531B05E443002B1875 /* QuartzCore.framework in Frameworks */ = {isa = PBXBuildFile; fileRef = C62D1D521B05E443002B1875 /* QuartzCore.framework */; };
		C62D1D551B05E447002B1875 /* OpenGLES.framework in Frameworks */ = {isa = PBXBuildFile; fileRef = C62D1D541B05E447002B1875 /* OpenGLES.framework */; };
		C62D1D571B05E44D002B1875 /* CoreLocation.framework in Frameworks */ = {isa = PBXBuildFile; fileRef = C62D1D561B05E44D002B1875 /* CoreLocation.framework */; };
		C62D1D591B05E459002B1875 /* CoreTelephony.framework in Frameworks */ = {isa = PBXBuildFile; fileRef = C62D1D581B05E459002B1875 /* CoreTelephony.framework */; };
		C62D1D5B1B05E46A002B1875 /* SystemConfiguration.framework in Frameworks */ = {isa = PBXBuildFile; fileRef = C62D1D5A1B05E46A002B1875 /* SystemConfiguration.framework */; };
		CB56460EAC97657E0987ADA5 /* MessageUI.framework in Frameworks */ = {isa = PBXBuildFile; fileRef = F20FDAF9F66F982A454705D6 /* MessageUI.framework */; };
		CF04C5306C09FE03FEAE873F /* CoreImage.framework in Frameworks */ = {isa = PBXBuildFile; fileRef = B99DC3DC06FB7812AB3B9BEA /* CoreImage.framework */; };
		D8E859B6D8181FE0E6A17222 /* UIKit.framework in Frameworks */ = {isa = PBXBuildFile; fileRef = B4CC5CB8BDA8534E5275DB3B /* UIKit.framework */; };
		DDD7AC26871DB49736156CD2 /* Accelerate.framework in Frameworks */ = {isa = PBXBuildFile; fileRef = D21B7C29E99362932584CE29 /* Accelerate.framework */; };
		E6BF4418740E9BF66D26147E /* libc++.tbd in Frameworks */ = {isa = PBXBuildFile; fileRef = 9CA65C6DABB00C6AF1CF87D4 /* libc++.tbd */; };
		F62B9995C474D310D8BA7D0A /* CFNetWork.framework in Frameworks */ = {isa = PBXBuildFile; fileRef = FCF24D54F77F3D6E7292647D /* CFNetWork.framework */; };
/* End PBXBuildFile section */

/* Begin PBXFileReference section */
		0254734903B0EB1D70447235 /* AppCanEngine.framework */ = {isa = PBXFileReference; fileEncoding = 4; lastKnownFileType = wrapper.framework; name = AppCanEngine.framework; path = "../../../AppCanPluginTools-iOS/resource/IDEPluginProjectPackageResource/AppCanEngine.framework"; sourceTree = "<group>"; };
		0A746F2212CB1499E761CEB7 /* CoreTelephony.framework */ = {isa = PBXFileReference; fileEncoding = 4; lastKnownFileType = wrapper.framework; name = CoreTelephony.framework; path = System/Library/Frameworks/CoreTelephony.framework; sourceTree = SDKROOT; };
		0E2B20036702381588C632FF /* ImageIO.framework */ = {isa = PBXFileReference; fileEncoding = 4; lastKnownFileType = wrapper.framework; name = ImageIO.framework; path = System/Library/Frameworks/ImageIO.framework; sourceTree = SDKROOT; };
		1884A4D6C2B09CA5AA1B65E2 /* QuartzCore.framework */ = {isa = PBXFileReference; fileEncoding = 4; lastKnownFileType = wrapper.framework; name = QuartzCore.framework; path = System/Library/Frameworks/QuartzCore.framework; sourceTree = SDKROOT; };
		2113E8391D8FA1BB00230E00 /* AMapSearchKit.framework */ = {isa = PBXFileReference; lastKnownFileType = wrapper.framework; path = AMapSearchKit.framework; sourceTree = "<group>"; };
		2113E83A1D8FA1BB00230E00 /* MAMapKit.framework */ = {isa = PBXFileReference; lastKnownFileType = wrapper.framework; path = MAMapKit.framework; sourceTree = "<group>"; };
		2113E83E1D8FA1C600230E00 /* AMap.bundle */ = {isa = PBXFileReference; lastKnownFileType = "wrapper.plug-in"; path = AMap.bundle; sourceTree = "<group>"; };
		212F8DB41D93764500A17850 /* AMapFoundationKit.framework */ = {isa = PBXFileReference; lastKnownFileType = wrapper.framework; path = AMapFoundationKit.framework; sourceTree = "<group>"; };
		2151FF941DE687C60031FCB8 /* CustomView.h */ = {isa = PBXFileReference; fileEncoding = 4; lastKnownFileType = sourcecode.c.h; path = CustomView.h; sourceTree = "<group>"; };
		2151FF951DE687C60031FCB8 /* CustomView.m */ = {isa = PBXFileReference; fileEncoding = 4; lastKnownFileType = sourcecode.c.objc; path = CustomView.m; sourceTree = "<group>"; };
		3EE8DDC816CE7CEDA51FFBDD /* libsqlite3.tbd */ = {isa = PBXFileReference; fileEncoding = 4; lastKnownFileType = archive.ar; name = libsqlite3.tbd; path = usr/lib/libsqlite3.tbd; sourceTree = SDKROOT; };
		4235B2721B5739F9004DA814 /* GaodeError.h */ = {isa = PBXFileReference; fileEncoding = 4; lastKnownFileType = sourcecode.c.h; path = GaodeError.h; sourceTree = "<group>"; };
		4235B2731B5739F9004DA814 /* GaodeError.m */ = {isa = PBXFileReference; fileEncoding = 4; lastKnownFileType = sourcecode.c.objc; path = GaodeError.m; sourceTree = "<group>"; };
		4235B2741B5739F9004DA814 /* GaodeUtility.h */ = {isa = PBXFileReference; fileEncoding = 4; lastKnownFileType = sourcecode.c.h; path = GaodeUtility.h; sourceTree = "<group>"; };
		4235B2751B5739F9004DA814 /* GaodeUtility.m */ = {isa = PBXFileReference; fileEncoding = 4; lastKnownFileType = sourcecode.c.objc; path = GaodeUtility.m; sourceTree = "<group>"; };
		4235B2771B5739F9004DA814 /* GaodeCACalloutBase.h */ = {isa = PBXFileReference; fileEncoding = 4; lastKnownFileType = sourcecode.c.h; path = GaodeCACalloutBase.h; sourceTree = "<group>"; };
		4235B2781B5739F9004DA814 /* GaodeCACalloutBase.m */ = {isa = PBXFileReference; fileEncoding = 4; lastKnownFileType = sourcecode.c.objc; path = GaodeCACalloutBase.m; sourceTree = "<group>"; };
		4235B2791B5739F9004DA814 /* GaodeCACallouts.h */ = {isa = PBXFileReference; fileEncoding = 4; lastKnownFileType = sourcecode.c.h; path = GaodeCACallouts.h; sourceTree = "<group>"; };
		4235B27A1B5739F9004DA814 /* GaodeCACalloutTextBox.h */ = {isa = PBXFileReference; fileEncoding = 4; lastKnownFileType = sourcecode.c.h; path = GaodeCACalloutTextBox.h; sourceTree = "<group>"; };
		4235B27B1B5739F9004DA814 /* GaodeCACalloutTextBox.m */ = {isa = PBXFileReference; fileEncoding = 4; lastKnownFileType = sourcecode.c.objc; path = GaodeCACalloutTextBox.m; sourceTree = "<group>"; };
		4235B27C1B5739F9004DA814 /* GaodeCustomAnnotationView.h */ = {isa = PBXFileReference; fileEncoding = 4; lastKnownFileType = sourcecode.c.h; path = GaodeCustomAnnotationView.h; sourceTree = "<group>"; };
		4235B27D1B5739F9004DA814 /* GaodeCustomAnnotationView.m */ = {isa = PBXFileReference; fileEncoding = 4; lastKnownFileType = sourcecode.c.objc; path = GaodeCustomAnnotationView.m; sourceTree = "<group>"; };
		4235B2801B5739F9004DA814 /* GaodeCircle.h */ = {isa = PBXFileReference; fileEncoding = 4; lastKnownFileType = sourcecode.c.h; path = GaodeCircle.h; sourceTree = "<group>"; };
		4235B2811B5739F9004DA814 /* GaodeCircle.m */ = {isa = PBXFileReference; fileEncoding = 4; lastKnownFileType = sourcecode.c.objc; path = GaodeCircle.m; sourceTree = "<group>"; };
		4235B2821B5739F9004DA814 /* GaodeGroundOverlay.h */ = {isa = PBXFileReference; fileEncoding = 4; lastKnownFileType = sourcecode.c.h; path = GaodeGroundOverlay.h; sourceTree = "<group>"; };
		4235B2831B5739F9004DA814 /* GaodeGroundOverlay.m */ = {isa = PBXFileReference; fileEncoding = 4; lastKnownFileType = sourcecode.c.objc; path = GaodeGroundOverlay.m; sourceTree = "<group>"; };
		4235B2841B5739F9004DA814 /* GaodeLocationStyle.h */ = {isa = PBXFileReference; fileEncoding = 4; lastKnownFileType = sourcecode.c.h; path = GaodeLocationStyle.h; sourceTree = "<group>"; };
		4235B2851B5739F9004DA814 /* GaodeLocationStyle.m */ = {isa = PBXFileReference; fileEncoding = 4; lastKnownFileType = sourcecode.c.objc; path = GaodeLocationStyle.m; sourceTree = "<group>"; };
		4235B2861B5739F9004DA814 /* GaodeModels.h */ = {isa = PBXFileReference; fileEncoding = 4; lastKnownFileType = sourcecode.c.h; path = GaodeModels.h; sourceTree = "<group>"; };
		4235B2871B5739F9004DA814 /* GaodePointAnnotation.h */ = {isa = PBXFileReference; fileEncoding = 4; lastKnownFileType = sourcecode.c.h; path = GaodePointAnnotation.h; sourceTree = "<group>"; };
		4235B2881B5739F9004DA814 /* GaodePointAnnotation.m */ = {isa = PBXFileReference; fileEncoding = 4; lastKnownFileType = sourcecode.c.objc; path = GaodePointAnnotation.m; sourceTree = "<group>"; };
		4235B2891B5739F9004DA814 /* GaodePolygon.h */ = {isa = PBXFileReference; fileEncoding = 4; lastKnownFileType = sourcecode.c.h; path = GaodePolygon.h; sourceTree = "<group>"; };
		4235B28A1B5739F9004DA814 /* GaodePolygon.m */ = {isa = PBXFileReference; fileEncoding = 4; lastKnownFileType = sourcecode.c.objc; path = GaodePolygon.m; sourceTree = "<group>"; };
		4235B28B1B5739F9004DA814 /* GaodePolyline.h */ = {isa = PBXFileReference; fileEncoding = 4; lastKnownFileType = sourcecode.c.h; path = GaodePolyline.h; sourceTree = "<group>"; };
		4235B28C1B5739F9004DA814 /* GaodePolyline.m */ = {isa = PBXFileReference; fileEncoding = 4; lastKnownFileType = sourcecode.c.objc; path = GaodePolyline.m; sourceTree = "<group>"; };
		4235B28E1B5739F9004DA814 /* GaodeOfflineMapManager.h */ = {isa = PBXFileReference; fileEncoding = 4; lastKnownFileType = sourcecode.c.h; path = GaodeOfflineMapManager.h; sourceTree = "<group>"; };
		4235B28F1B5739F9004DA814 /* GaodeOfflineMapManager.m */ = {isa = PBXFileReference; fileEncoding = 4; lastKnownFileType = sourcecode.c.objc; path = GaodeOfflineMapManager.m; sourceTree = "<group>"; };
		4235B29C1B573A6E004DA814 /* GaodeOfflineInQueueItem.h */ = {isa = PBXFileReference; fileEncoding = 4; lastKnownFileType = sourcecode.c.h; path = GaodeOfflineInQueueItem.h; sourceTree = "<group>"; };
		4235B29D1B573A6E004DA814 /* GaodeOfflineInQueueItem.m */ = {isa = PBXFileReference; fileEncoding = 4; lastKnownFileType = sourcecode.c.objc; path = GaodeOfflineInQueueItem.m; sourceTree = "<group>"; };
		4247F9431B85DBBF00DDE38A /* GaodeCustomButton.h */ = {isa = PBXFileReference; fileEncoding = 4; lastKnownFileType = sourcecode.c.h; path = GaodeCustomButton.h; sourceTree = "<group>"; };
		4247F9441B85DBBF00DDE38A /* GaodeCustomButton.m */ = {isa = PBXFileReference; fileEncoding = 4; lastKnownFileType = sourcecode.c.objc; path = GaodeCustomButton.m; sourceTree = "<group>"; };
		4247F9451B85DBBF00DDE38A /* GaodeCustomButtonManager.h */ = {isa = PBXFileReference; fileEncoding = 4; lastKnownFileType = sourcecode.c.h; path = GaodeCustomButtonManager.h; sourceTree = "<group>"; };
		4247F9461B85DBBF00DDE38A /* GaodeCustomButtonManager.m */ = {isa = PBXFileReference; fileEncoding = 4; lastKnownFileType = sourcecode.c.objc; path = GaodeCustomButtonManager.m; sourceTree = "<group>"; };
		426E9BF71E0E1CF1006DABC7 /* JavaScriptCore.framework */ = {isa = PBXFileReference; lastKnownFileType = wrapper.framework; name = JavaScriptCore.framework; path = System/Library/Frameworks/JavaScriptCore.framework; sourceTree = SDKROOT; };
		429E86A11E0CCE5800DFB0E8 /* uexGaodeRouteSearch.h */ = {isa = PBXFileReference; fileEncoding = 4; lastKnownFileType = sourcecode.c.h; name = uexGaodeRouteSearch.h; path = RouteSearch/uexGaodeRouteSearch.h; sourceTree = "<group>"; };
		429E86A21E0CCE5800DFB0E8 /* uexGaodeRouteSearch.m */ = {isa = PBXFileReference; fileEncoding = 4; lastKnownFileType = sourcecode.c.objc; name = uexGaodeRouteSearch.m; path = RouteSearch/uexGaodeRouteSearch.m; sourceTree = "<group>"; };
		42A5E38A1BC7520F00E6E385 /* NSDictionary+uexGaodeMap.h */ = {isa = PBXFileReference; fileEncoding = 4; lastKnownFileType = sourcecode.c.h; path = "NSDictionary+uexGaodeMap.h"; sourceTree = "<group>"; };
		42A5E38B1BC7520F00E6E385 /* NSDictionary+uexGaodeMap.m */ = {isa = PBXFileReference; fileEncoding = 4; lastKnownFileType = sourcecode.c.objc; path = "NSDictionary+uexGaodeMap.m"; sourceTree = "<group>"; };
		5A0A4EC31C399F266389DFD1 /* info.plist */ = {isa = PBXFileReference; fileEncoding = 4; lastKnownFileType = text.plist.strings; name = info.plist; path = "../../../AppCanPluginTools-iOS/resource/IDEPluginProjectPackageResource/info.plist"; sourceTree = "<group>"; };
		5A1412A8E0ECAA99FD0C8F6D /* libz.tbd */ = {isa = PBXFileReference; fileEncoding = 4; lastKnownFileType = archive.ar; name = libz.tbd; path = usr/lib/libz.tbd; sourceTree = SDKROOT; };
		5F571152FF84981E017C4119 /* MapKit.framework */ = {isa = PBXFileReference; fileEncoding = 4; lastKnownFileType = wrapper.framework; name = MapKit.framework; path = System/Library/Frameworks/MapKit.framework; sourceTree = SDKROOT; };
		60B755775F7E87CA5792F2F8 /* CoreGraphics.framework */ = {isa = PBXFileReference; fileEncoding = 4; lastKnownFileType = wrapper.framework; name = CoreGraphics.framework; path = System/Library/Frameworks/CoreGraphics.framework; sourceTree = SDKROOT; };
		79CE1E4D8C4F9EC6FB798C65 /* AVFoundation.framework */ = {isa = PBXFileReference; fileEncoding = 4; lastKnownFileType = wrapper.framework; name = AVFoundation.framework; path = System/Library/Frameworks/AVFoundation.framework; sourceTree = SDKROOT; };
		9CA65C6DABB00C6AF1CF87D4 /* libc++.tbd */ = {isa = PBXFileReference; fileEncoding = 4; lastKnownFileType = archive.ar; name = "libc++.tbd"; path = "usr/lib/libc++.tbd"; sourceTree = SDKROOT; };
		9E7ABB13AF18FC041F9EB707 /* AudioToolbox.framework */ = {isa = PBXFileReference; fileEncoding = 4; lastKnownFileType = wrapper.framework; name = AudioToolbox.framework; path = System/Library/Frameworks/AudioToolbox.framework; sourceTree = SDKROOT; };
		B4CC5CB8BDA8534E5275DB3B /* UIKit.framework */ = {isa = PBXFileReference; fileEncoding = 4; lastKnownFileType = wrapper.framework; name = UIKit.framework; path = System/Library/Frameworks/UIKit.framework; sourceTree = SDKROOT; };
		B99DC3DC06FB7812AB3B9BEA /* CoreImage.framework */ = {isa = PBXFileReference; fileEncoding = 4; lastKnownFileType = wrapper.framework; name = CoreImage.framework; path = System/Library/Frameworks/CoreImage.framework; sourceTree = SDKROOT; };
		C62D1CF71B05E2D6002B1875 /* uexGaodeMap.framework */ = {isa = PBXFileReference; explicitFileType = wrapper.framework; includeInIndex = 0; path = uexGaodeMap.framework; sourceTree = BUILT_PRODUCTS_DIR; };
		C62D1D131B05E3D1002B1875 /* EBrowserView.h */ = {isa = PBXFileReference; fileEncoding = 4; lastKnownFileType = sourcecode.c.h; path = EBrowserView.h; sourceTree = "<group>"; };
		C62D1D151B05E3D1002B1875 /* EUExBaseDefine.h */ = {isa = PBXFileReference; fileEncoding = 4; lastKnownFileType = sourcecode.c.h; path = EUExBaseDefine.h; sourceTree = "<group>"; };
		C62D1D161B05E3D1002B1875 /* EUtility.h */ = {isa = PBXFileReference; fileEncoding = 4; lastKnownFileType = sourcecode.c.h; path = EUtility.h; sourceTree = "<group>"; };
		C62D1D171B05E3D1002B1875 /* WidgetOneDelegate.h */ = {isa = PBXFileReference; fileEncoding = 4; lastKnownFileType = sourcecode.c.h; path = WidgetOneDelegate.h; sourceTree = "<group>"; };
		C62D1D181B05E3D1002B1875 /* EUExGaodeMap.h */ = {isa = PBXFileReference; fileEncoding = 4; lastKnownFileType = sourcecode.c.h; path = EUExGaodeMap.h; sourceTree = "<group>"; };
		C62D1D191B05E3D1002B1875 /* EUExGaodeMap.m */ = {isa = PBXFileReference; fileEncoding = 4; lastKnownFileType = sourcecode.c.objc; path = EUExGaodeMap.m; sourceTree = "<group>"; };
		C62D1D1D1B05E3D1002B1875 /* AppCanPlugin-Prefix.pch */ = {isa = PBXFileReference; fileEncoding = 4; lastKnownFileType = sourcecode.c.h; path = "AppCanPlugin-Prefix.pch"; sourceTree = "<group>"; };
		C62D1D201B05E3D1002B1875 /* EUExGaodeMapInstance.h */ = {isa = PBXFileReference; fileEncoding = 4; lastKnownFileType = sourcecode.c.h; path = EUExGaodeMapInstance.h; sourceTree = "<group>"; };
		C62D1D211B05E3D1002B1875 /* EUExGaodeMapInstance.m */ = {isa = PBXFileReference; fileEncoding = 4; lastKnownFileType = sourcecode.c.objc; path = EUExGaodeMapInstance.m; sourceTree = "<group>"; };
		C62D1D4C1B05E421002B1875 /* UIKit.framework */ = {isa = PBXFileReference; lastKnownFileType = wrapper.framework; name = UIKit.framework; path = System/Library/Frameworks/UIKit.framework; sourceTree = SDKROOT; };
		C62D1D4E1B05E433002B1875 /* Foundation.framework */ = {isa = PBXFileReference; lastKnownFileType = wrapper.framework; name = Foundation.framework; path = System/Library/Frameworks/Foundation.framework; sourceTree = SDKROOT; };
		C62D1D501B05E43D002B1875 /* CoreGraphics.framework */ = {isa = PBXFileReference; lastKnownFileType = wrapper.framework; name = CoreGraphics.framework; path = System/Library/Frameworks/CoreGraphics.framework; sourceTree = SDKROOT; };
		C62D1D521B05E443002B1875 /* QuartzCore.framework */ = {isa = PBXFileReference; lastKnownFileType = wrapper.framework; name = QuartzCore.framework; path = System/Library/Frameworks/QuartzCore.framework; sourceTree = SDKROOT; };
		C62D1D541B05E447002B1875 /* OpenGLES.framework */ = {isa = PBXFileReference; lastKnownFileType = wrapper.framework; name = OpenGLES.framework; path = System/Library/Frameworks/OpenGLES.framework; sourceTree = SDKROOT; };
		C62D1D561B05E44D002B1875 /* CoreLocation.framework */ = {isa = PBXFileReference; lastKnownFileType = wrapper.framework; name = CoreLocation.framework; path = System/Library/Frameworks/CoreLocation.framework; sourceTree = SDKROOT; };
		C62D1D581B05E459002B1875 /* CoreTelephony.framework */ = {isa = PBXFileReference; lastKnownFileType = wrapper.framework; name = CoreTelephony.framework; path = System/Library/Frameworks/CoreTelephony.framework; sourceTree = SDKROOT; };
		C62D1D5A1B05E46A002B1875 /* SystemConfiguration.framework */ = {isa = PBXFileReference; lastKnownFileType = wrapper.framework; name = SystemConfiguration.framework; path = System/Library/Frameworks/SystemConfiguration.framework; sourceTree = SDKROOT; };
		C62D1D5C1B05E477002B1875 /* Security.framework */ = {isa = PBXFileReference; lastKnownFileType = wrapper.framework; name = Security.framework; path = System/Library/Frameworks/Security.framework; sourceTree = SDKROOT; };
		D0D4F60F083E4885AADAF82F /* CoreLocation.framework */ = {isa = PBXFileReference; fileEncoding = 4; lastKnownFileType = wrapper.framework; name = CoreLocation.framework; path = System/Library/Frameworks/CoreLocation.framework; sourceTree = SDKROOT; };
		D21B7C29E99362932584CE29 /* Accelerate.framework */ = {isa = PBXFileReference; fileEncoding = 4; lastKnownFileType = wrapper.framework; name = Accelerate.framework; path = System/Library/Frameworks/Accelerate.framework; sourceTree = SDKROOT; };
		E77FDDEE6084EA82876F6120 /* SystemConfiguration.framework */ = {isa = PBXFileReference; fileEncoding = 4; lastKnownFileType = wrapper.framework; name = SystemConfiguration.framework; path = System/Library/Frameworks/SystemConfiguration.framework; sourceTree = SDKROOT; };
		E9C3F1433F18853C1BBC9478 /* CoreMotion.framework */ = {isa = PBXFileReference; fileEncoding = 4; lastKnownFileType = wrapper.framework; name = CoreMotion.framework; path = System/Library/Frameworks/CoreMotion.framework; sourceTree = SDKROOT; };
		EEBC0BE3B63A6F0A606FCE52 /* libstdc++.tbd */ = {isa = PBXFileReference; fileEncoding = 4; lastKnownFileType = archive.ar; name = "libstdc++.tbd"; path = "usr/lib/libstdc++.tbd"; sourceTree = SDKROOT; };
		F05D7B1C7043F204912FAAFA /* MobileCoreServices.framework */ = {isa = PBXFileReference; fileEncoding = 4; lastKnownFileType = wrapper.framework; name = MobileCoreServices.framework; path = System/Library/Frameworks/MobileCoreServices.framework; sourceTree = SDKROOT; };
		F20FDAF9F66F982A454705D6 /* MessageUI.framework */ = {isa = PBXFileReference; fileEncoding = 4; lastKnownFileType = wrapper.framework; name = MessageUI.framework; path = System/Library/Frameworks/MessageUI.framework; sourceTree = SDKROOT; };
		FCF24D54F77F3D6E7292647D /* CFNetWork.framework */ = {isa = PBXFileReference; fileEncoding = 4; lastKnownFileType = wrapper.framework; name = CFNetWork.framework; path = System/Library/Frameworks/CFNetWork.framework; sourceTree = SDKROOT; };
/* End PBXFileReference section */

/* Begin PBXFrameworksBuildPhase section */
		C62D1CF41B05E2D6002B1875 /* Frameworks */ = {
			isa = PBXFrameworksBuildPhase;
			buildActionMask = 2147483647;
			files = (
				426E9BF81E0E1CF1006DABC7 /* JavaScriptCore.framework in Frameworks */,
				2113E83C1D8FA1BB00230E00 /* AMapSearchKit.framework in Frameworks */,
				212F8DB51D93764500A17850 /* AMapFoundationKit.framework in Frameworks */,
				C62D1D511B05E43D002B1875 /* CoreGraphics.framework in Frameworks */,
				C62D1D5B1B05E46A002B1875 /* SystemConfiguration.framework in Frameworks */,
				C62D1D591B05E459002B1875 /* CoreTelephony.framework in Frameworks */,
				C62D1D571B05E44D002B1875 /* CoreLocation.framework in Frameworks */,
				C62D1D551B05E447002B1875 /* OpenGLES.framework in Frameworks */,
				2113E83D1D8FA1BB00230E00 /* MAMapKit.framework in Frameworks */,
				C62D1D531B05E443002B1875 /* QuartzCore.framework in Frameworks */,
				C62D1D4F1B05E433002B1875 /* Foundation.framework in Frameworks */,
				C62D1D4D1B05E421002B1875 /* UIKit.framework in Frameworks */,
				4EA211F690E4B53D9A160D8B /* MapKit.framework in Frameworks */,
				4781B8DF6B27DA18ABAF694D /* AudioToolbox.framework in Frameworks */,
				152087323F1011D9CAF63A30 /* SystemConfiguration.framework in Frameworks */,
				221A2B35B43889A6572E83F1 /* ImageIO.framework in Frameworks */,
				F62B9995C474D310D8BA7D0A /* CFNetWork.framework in Frameworks */,
				614F8EF1464CF1BDAFE589EE /* MobileCoreServices.framework in Frameworks */,
				D8E859B6D8181FE0E6A17222 /* UIKit.framework in Frameworks */,
				38B6F84DE280ACA5B7DE44B3 /* QuartzCore.framework in Frameworks */,
				CF04C5306C09FE03FEAE873F /* CoreImage.framework in Frameworks */,
				CB56460EAC97657E0987ADA5 /* MessageUI.framework in Frameworks */,
				DDD7AC26871DB49736156CD2 /* Accelerate.framework in Frameworks */,
				96DB6BFF96A445377ABA2FC3 /* AVFoundation.framework in Frameworks */,
				2A1E46B9B2C6FE8F934D33B7 /* CoreMotion.framework in Frameworks */,
				E6BF4418740E9BF66D26147E /* libc++.tbd in Frameworks */,
				0C8636F0681CA0313C23242E /* libstdc++.tbd in Frameworks */,
				0B7B64287C45F1E2FA75F2D5 /* libsqlite3.tbd in Frameworks */,
				473FEFC38ACF25D7F2242EA8 /* libz.tbd in Frameworks */,
				289A93DEA82E6B937496CFAC /* AppCanEngine.framework in Frameworks */,
			);
			runOnlyForDeploymentPostprocessing = 0;
		};
/* End PBXFrameworksBuildPhase section */

/* Begin PBXGroup section */
		4235B2701B5739F9004DA814 /* Classes */ = {
			isa = PBXGroup;
			children = (
				429E86A01E0CCE1700DFB0E8 /* RouteSearch */,
				4247F9421B85DBBF00DDE38A /* CustomButton */,
				4235B2711B5739F9004DA814 /* Base */,
				4235B2761B5739F9004DA814 /* CustomAnnotation */,
				4235B27F1B5739F9004DA814 /* Model */,
				4235B28D1B5739F9004DA814 /* OfflineMap */,
			);
			path = Classes;
			sourceTree = "<group>";
		};
		4235B2711B5739F9004DA814 /* Base */ = {
			isa = PBXGroup;
			children = (
				4235B2721B5739F9004DA814 /* GaodeError.h */,
				4235B2731B5739F9004DA814 /* GaodeError.m */,
				4235B2741B5739F9004DA814 /* GaodeUtility.h */,
				4235B2751B5739F9004DA814 /* GaodeUtility.m */,
				42A5E38A1BC7520F00E6E385 /* NSDictionary+uexGaodeMap.h */,
				42A5E38B1BC7520F00E6E385 /* NSDictionary+uexGaodeMap.m */,
			);
			path = Base;
			sourceTree = "<group>";
		};
		4235B2761B5739F9004DA814 /* CustomAnnotation */ = {
			isa = PBXGroup;
			children = (
				4235B2771B5739F9004DA814 /* GaodeCACalloutBase.h */,
				4235B2781B5739F9004DA814 /* GaodeCACalloutBase.m */,
				4235B2791B5739F9004DA814 /* GaodeCACallouts.h */,
				4235B27A1B5739F9004DA814 /* GaodeCACalloutTextBox.h */,
				4235B27B1B5739F9004DA814 /* GaodeCACalloutTextBox.m */,
				4235B27C1B5739F9004DA814 /* GaodeCustomAnnotationView.h */,
				4235B27D1B5739F9004DA814 /* GaodeCustomAnnotationView.m */,
				2151FF941DE687C60031FCB8 /* CustomView.h */,
				2151FF951DE687C60031FCB8 /* CustomView.m */,
			);
			path = CustomAnnotation;
			sourceTree = "<group>";
		};
		4235B27F1B5739F9004DA814 /* Model */ = {
			isa = PBXGroup;
			children = (
				4235B2801B5739F9004DA814 /* GaodeCircle.h */,
				4235B2811B5739F9004DA814 /* GaodeCircle.m */,
				4235B2821B5739F9004DA814 /* GaodeGroundOverlay.h */,
				4235B2831B5739F9004DA814 /* GaodeGroundOverlay.m */,
				4235B2841B5739F9004DA814 /* GaodeLocationStyle.h */,
				4235B2851B5739F9004DA814 /* GaodeLocationStyle.m */,
				4235B2861B5739F9004DA814 /* GaodeModels.h */,
				4235B2871B5739F9004DA814 /* GaodePointAnnotation.h */,
				4235B2881B5739F9004DA814 /* GaodePointAnnotation.m */,
				4235B2891B5739F9004DA814 /* GaodePolygon.h */,
				4235B28A1B5739F9004DA814 /* GaodePolygon.m */,
				4235B28B1B5739F9004DA814 /* GaodePolyline.h */,
				4235B28C1B5739F9004DA814 /* GaodePolyline.m */,
			);
			path = Model;
			sourceTree = "<group>";
		};
		4235B28D1B5739F9004DA814 /* OfflineMap */ = {
			isa = PBXGroup;
			children = (
				4235B28E1B5739F9004DA814 /* GaodeOfflineMapManager.h */,
				4235B28F1B5739F9004DA814 /* GaodeOfflineMapManager.m */,
				4235B29C1B573A6E004DA814 /* GaodeOfflineInQueueItem.h */,
				4235B29D1B573A6E004DA814 /* GaodeOfflineInQueueItem.m */,
			);
			path = OfflineMap;
			sourceTree = "<group>";
		};
		4247F9421B85DBBF00DDE38A /* CustomButton */ = {
			isa = PBXGroup;
			children = (
				4247F9431B85DBBF00DDE38A /* GaodeCustomButton.h */,
				4247F9441B85DBBF00DDE38A /* GaodeCustomButton.m */,
				4247F9451B85DBBF00DDE38A /* GaodeCustomButtonManager.h */,
				4247F9461B85DBBF00DDE38A /* GaodeCustomButtonManager.m */,
			);
			path = CustomButton;
			sourceTree = "<group>";
		};
		429E86A01E0CCE1700DFB0E8 /* RouteSearch */ = {
			isa = PBXGroup;
			children = (
				429E86A11E0CCE5800DFB0E8 /* uexGaodeRouteSearch.h */,
				429E86A21E0CCE5800DFB0E8 /* uexGaodeRouteSearch.m */,
			);
			name = RouteSearch;
			sourceTree = "<group>";
		};
		518405205D292BDFE740B825 /* AppCanEngine */ = {
			isa = PBXGroup;
			children = (
				0254734903B0EB1D70447235 /* AppCanEngine.framework */,
				5A0A4EC31C399F266389DFD1 /* info.plist */,
			);
			path = AppCanEngine;
			sourceTree = "<group>";
		};
		78D91B7C2361F00FF1A0A5D4 /* IDE-Frameworks */ = {
			isa = PBXGroup;
			children = (
				5F571152FF84981E017C4119 /* MapKit.framework */,
				9E7ABB13AF18FC041F9EB707 /* AudioToolbox.framework */,
				E77FDDEE6084EA82876F6120 /* SystemConfiguration.framework */,
				0E2B20036702381588C632FF /* ImageIO.framework */,
				FCF24D54F77F3D6E7292647D /* CFNetWork.framework */,
				F05D7B1C7043F204912FAAFA /* MobileCoreServices.framework */,
				B4CC5CB8BDA8534E5275DB3B /* UIKit.framework */,
				60B755775F7E87CA5792F2F8 /* CoreGraphics.framework */,
				1884A4D6C2B09CA5AA1B65E2 /* QuartzCore.framework */,
				B99DC3DC06FB7812AB3B9BEA /* CoreImage.framework */,
				D0D4F60F083E4885AADAF82F /* CoreLocation.framework */,
				F20FDAF9F66F982A454705D6 /* MessageUI.framework */,
				D21B7C29E99362932584CE29 /* Accelerate.framework */,
				79CE1E4D8C4F9EC6FB798C65 /* AVFoundation.framework */,
				E9C3F1433F18853C1BBC9478 /* CoreMotion.framework */,
				0A746F2212CB1499E761CEB7 /* CoreTelephony.framework */,
				9CA65C6DABB00C6AF1CF87D4 /* libc++.tbd */,
				EEBC0BE3B63A6F0A606FCE52 /* libstdc++.tbd */,
				3EE8DDC816CE7CEDA51FFBDD /* libsqlite3.tbd */,
				5A1412A8E0ECAA99FD0C8F6D /* libz.tbd */,
			);
			path = "IDE-Frameworks";
			sourceTree = "<group>";
		};
		C62D1CEE1B05E2D6002B1875 = {
			isa = PBXGroup;
			children = (
				C62D1D111B05E3D1002B1875 /* EUExGaodeMap */,
				C62D1D4B1B05E3DA002B1875 /* Frameworks */,
				78D91B7C2361F00FF1A0A5D4 /* IDE-Frameworks */,
				518405205D292BDFE740B825 /* AppCanEngine */,
				C62D1CF81B05E2D6002B1875 /* Products */,
			);
			sourceTree = "<group>";
		};
		C62D1CF81B05E2D6002B1875 /* Products */ = {
			isa = PBXGroup;
			children = (
				C62D1CF71B05E2D6002B1875 /* uexGaodeMap.framework */,
			);
			name = Products;
			sourceTree = "<group>";
		};
		C62D1D111B05E3D1002B1875 /* EUExGaodeMap */ = {
			isa = PBXGroup;
			children = (
				C62D1D121B05E3D1002B1875 /* engineHeader */,
				C62D1D181B05E3D1002B1875 /* EUExGaodeMap.h */,
				C62D1D191B05E3D1002B1875 /* EUExGaodeMap.m */,
				C62D1D1A1B05E3D1002B1875 /* sourceCode */,
			);
			path = EUExGaodeMap;
			sourceTree = "<group>";
		};
		C62D1D121B05E3D1002B1875 /* engineHeader */ = {
			isa = PBXGroup;
			children = (
				C62D1D131B05E3D1002B1875 /* EBrowserView.h */,
				C62D1D151B05E3D1002B1875 /* EUExBaseDefine.h */,
				C62D1D161B05E3D1002B1875 /* EUtility.h */,
				C62D1D171B05E3D1002B1875 /* WidgetOneDelegate.h */,
			);
			path = engineHeader;
			sourceTree = "<group>";
		};
		C62D1D1A1B05E3D1002B1875 /* sourceCode */ = {
			isa = PBXGroup;
			children = (
				212F8DB41D93764500A17850 /* AMapFoundationKit.framework */,
				2113E83E1D8FA1C600230E00 /* AMap.bundle */,
				2113E8391D8FA1BB00230E00 /* AMapSearchKit.framework */,
				2113E83A1D8FA1BB00230E00 /* MAMapKit.framework */,
				4235B2701B5739F9004DA814 /* Classes */,
				C62D1D1D1B05E3D1002B1875 /* AppCanPlugin-Prefix.pch */,
				C62D1D201B05E3D1002B1875 /* EUExGaodeMapInstance.h */,
				C62D1D211B05E3D1002B1875 /* EUExGaodeMapInstance.m */,
			);
			path = sourceCode;
			sourceTree = "<group>";
		};
		C62D1D4B1B05E3DA002B1875 /* Frameworks */ = {
			isa = PBXGroup;
			children = (
				426E9BF71E0E1CF1006DABC7 /* JavaScriptCore.framework */,
				C62D1D5C1B05E477002B1875 /* Security.framework */,
				C62D1D5A1B05E46A002B1875 /* SystemConfiguration.framework */,
				C62D1D581B05E459002B1875 /* CoreTelephony.framework */,
				C62D1D561B05E44D002B1875 /* CoreLocation.framework */,
				C62D1D541B05E447002B1875 /* OpenGLES.framework */,
				C62D1D521B05E443002B1875 /* QuartzCore.framework */,
				C62D1D501B05E43D002B1875 /* CoreGraphics.framework */,
				C62D1D4E1B05E433002B1875 /* Foundation.framework */,
				C62D1D4C1B05E421002B1875 /* UIKit.framework */,
			);
			name = Frameworks;
			sourceTree = "<group>";
		};
/* End PBXGroup section */

/* Begin PBXNativeTarget section */
		C62D1CF61B05E2D6002B1875 /* EUExGaodeMap */ = {
			isa = PBXNativeTarget;
			buildConfigurationList = C62D1D0B1B05E2D6002B1875 /* Build configuration list for PBXNativeTarget "EUExGaodeMap" */;
			buildPhases = (
				C62D1CF31B05E2D6002B1875 /* Sources */,
				C62D1CF41B05E2D6002B1875 /* Frameworks */,
			);
			buildRules = (
			);
			dependencies = (
			);
			name = EUExGaodeMap;
			productName = EUExGaodeMap;
			productReference = C62D1CF71B05E2D6002B1875 /* uexGaodeMap.framework */;
			productType = "com.apple.product-type.framework";
		};
/* End PBXNativeTarget section */

/* Begin PBXProject section */
		C62D1CEF1B05E2D6002B1875 /* Project object */ = {
			isa = PBXProject;
			attributes = {
				LastUpgradeCheck = 0810;
				ORGANIZATIONNAME = AppCan;
				TargetAttributes = {
					C62D1CF61B05E2D6002B1875 = {
						CreatedOnToolsVersion = 6.3.1;
						ProvisioningStyle = Manual;
					};
				};
			};
			buildConfigurationList = C62D1CF21B05E2D6002B1875 /* Build configuration list for PBXProject "EUExGaodeMapIDE" */;
			compatibilityVersion = "Xcode 3.2";
			developmentRegion = English;
			hasScannedForEncodings = 0;
			knownRegions = (
				en,
			);
			mainGroup = C62D1CEE1B05E2D6002B1875;
			productRefGroup = C62D1CF81B05E2D6002B1875 /* Products */;
			projectDirPath = "";
			projectRoot = "";
			targets = (
				C62D1CF61B05E2D6002B1875 /* EUExGaodeMap */,
			);
		};
/* End PBXProject section */

/* Begin PBXSourcesBuildPhase section */
		C62D1CF31B05E2D6002B1875 /* Sources */ = {
			isa = PBXSourcesBuildPhase;
			buildActionMask = 2147483647;
			files = (
				4235B2901B5739F9004DA814 /* GaodeError.m in Sources */,
				4247F9481B85DBBF00DDE38A /* GaodeCustomButtonManager.m in Sources */,
				429E86A31E0CCE5800DFB0E8 /* uexGaodeRouteSearch.m in Sources */,
				4235B2991B5739F9004DA814 /* GaodePolygon.m in Sources */,
				4235B2921B5739F9004DA814 /* GaodeCACalloutBase.m in Sources */,
				4235B29B1B5739F9004DA814 /* GaodeOfflineMapManager.m in Sources */,
				4235B2951B5739F9004DA814 /* GaodeCircle.m in Sources */,
				4247F9471B85DBBF00DDE38A /* GaodeCustomButton.m in Sources */,
				4235B2941B5739F9004DA814 /* GaodeCustomAnnotationView.m in Sources */,
				4235B2981B5739F9004DA814 /* GaodePointAnnotation.m in Sources */,
				2151FF961DE687C60031FCB8 /* CustomView.m in Sources */,
				4235B2911B5739F9004DA814 /* GaodeUtility.m in Sources */,
				4235B2971B5739F9004DA814 /* GaodeLocationStyle.m in Sources */,
				C62D1D411B05E3D1002B1875 /* EUExGaodeMapInstance.m in Sources */,
				4235B29E1B573A6E004DA814 /* GaodeOfflineInQueueItem.m in Sources */,
				4235B2931B5739F9004DA814 /* GaodeCACalloutTextBox.m in Sources */,
				C62D1D3E1B05E3D1002B1875 /* EUExGaodeMap.m in Sources */,
				4235B2961B5739F9004DA814 /* GaodeGroundOverlay.m in Sources */,
				4235B29A1B5739F9004DA814 /* GaodePolyline.m in Sources */,
				42A5E38C1BC7520F00E6E385 /* NSDictionary+uexGaodeMap.m in Sources */,
			);
			runOnlyForDeploymentPostprocessing = 0;
		};
/* End PBXSourcesBuildPhase section */

/* Begin XCBuildConfiguration section */
		C62D1D091B05E2D6002B1875 /* Debug */ = {
			isa = XCBuildConfiguration;
			buildSettings = {
				ALWAYS_SEARCH_USER_PATHS = NO;
				CLANG_CXX_LANGUAGE_STANDARD = "gnu++0x";
				CLANG_CXX_LIBRARY = "libc++";
				CLANG_ENABLE_MODULES = YES;
				CLANG_ENABLE_OBJC_ARC = YES;
				CLANG_WARN_BOOL_CONVERSION = YES;
				CLANG_WARN_CONSTANT_CONVERSION = YES;
				CLANG_WARN_DIRECT_OBJC_ISA_USAGE = YES_ERROR;
				CLANG_WARN_EMPTY_BODY = YES;
				CLANG_WARN_ENUM_CONVERSION = YES;
				CLANG_WARN_INFINITE_RECURSION = YES;
				CLANG_WARN_INT_CONVERSION = YES;
				CLANG_WARN_OBJC_ROOT_CLASS = YES_ERROR;
				CLANG_WARN_SUSPICIOUS_MOVE = YES;
				CLANG_WARN_UNREACHABLE_CODE = YES;
				CLANG_WARN__DUPLICATE_METHOD_MATCH = YES;
				COPY_PHASE_STRIP = NO;
				DEBUG_INFORMATION_FORMAT = dwarf;
				ENABLE_STRICT_OBJC_MSGSEND = YES;
				ENABLE_TESTABILITY = YES;
				GCC_C_LANGUAGE_STANDARD = gnu99;
				GCC_DYNAMIC_NO_PIC = NO;
				GCC_NO_COMMON_BLOCKS = YES;
				GCC_OPTIMIZATION_LEVEL = 0;
				GCC_PREPROCESSOR_DEFINITIONS = (
					"DEBUG=1",
					"$(inherited)",
				);
				GCC_SYMBOLS_PRIVATE_EXTERN = NO;
				GCC_WARN_64_TO_32_BIT_CONVERSION = YES;
				GCC_WARN_ABOUT_RETURN_TYPE = YES_ERROR;
				GCC_WARN_UNDECLARED_SELECTOR = YES;
				GCC_WARN_UNINITIALIZED_AUTOS = YES_AGGRESSIVE;
				GCC_WARN_UNUSED_FUNCTION = YES;
				GCC_WARN_UNUSED_VARIABLE = YES;
				IPHONEOS_DEPLOYMENT_TARGET = 8.0;
				MTL_ENABLE_DEBUG_INFO = YES;
				ONLY_ACTIVE_ARCH = NO;
				SDKROOT = iphoneos;
				TARGETED_DEVICE_FAMILY = "1,2";
			};
			name = Debug;
		};
		C62D1D0A1B05E2D6002B1875 /* Release */ = {
			isa = XCBuildConfiguration;
			buildSettings = {
				ALWAYS_SEARCH_USER_PATHS = NO;
				CLANG_CXX_LANGUAGE_STANDARD = "gnu++0x";
				CLANG_CXX_LIBRARY = "libc++";
				CLANG_ENABLE_MODULES = YES;
				CLANG_ENABLE_OBJC_ARC = YES;
				CLANG_WARN_BOOL_CONVERSION = YES;
				CLANG_WARN_CONSTANT_CONVERSION = YES;
				CLANG_WARN_DIRECT_OBJC_ISA_USAGE = YES_ERROR;
				CLANG_WARN_EMPTY_BODY = YES;
				CLANG_WARN_ENUM_CONVERSION = YES;
				CLANG_WARN_INFINITE_RECURSION = YES;
				CLANG_WARN_INT_CONVERSION = YES;
				CLANG_WARN_OBJC_ROOT_CLASS = YES_ERROR;
				CLANG_WARN_SUSPICIOUS_MOVE = YES;
				CLANG_WARN_UNREACHABLE_CODE = YES;
				CLANG_WARN__DUPLICATE_METHOD_MATCH = YES;
				COPY_PHASE_STRIP = NO;
				DEBUG_INFORMATION_FORMAT = dwarf;
				ENABLE_NS_ASSERTIONS = NO;
				ENABLE_STRICT_OBJC_MSGSEND = YES;
				GCC_C_LANGUAGE_STANDARD = gnu99;
				GCC_NO_COMMON_BLOCKS = YES;
				GCC_WARN_64_TO_32_BIT_CONVERSION = YES;
				GCC_WARN_ABOUT_RETURN_TYPE = YES_ERROR;
				GCC_WARN_UNDECLARED_SELECTOR = YES;
				GCC_WARN_UNINITIALIZED_AUTOS = YES_AGGRESSIVE;
				GCC_WARN_UNUSED_FUNCTION = YES;
				GCC_WARN_UNUSED_VARIABLE = YES;
				IPHONEOS_DEPLOYMENT_TARGET = 8.0;
				MTL_ENABLE_DEBUG_INFO = NO;
				ONLY_ACTIVE_ARCH = NO;
				SDKROOT = iphoneos;
				TARGETED_DEVICE_FAMILY = "1,2";
				VALIDATE_PRODUCT = YES;
			};
			name = Release;
		};
		C62D1D0C1B05E2D6002B1875 /* Debug */ = {
			isa = XCBuildConfiguration;
			buildSettings = {
				BUNDLE_IDENTIFIER = com.zywx.runner;
				CLANG_ENABLE_OBJC_ARC = YES;
				"CODE_SIGN_IDENTITY[sdk=iphoneos*]" = "iPhone Developer";
				CONFIGURATION_BUILD_DIR = "$(SRCROOT)/uexGaodeMap/IDE/";
				DEBUG_INFORMATION_FORMAT = dwarf;
				DEFINES_MODULE = YES;
				DEVELOPMENT_TEAM = "";
				DYLIB_COMPATIBILITY_VERSION = 1;
				DYLIB_CURRENT_VERSION = 1;
				DYLIB_INSTALL_NAME_BASE = "@rpath";
				ENABLE_BITCODE = NO;
				FRAMEWORK_SEARCH_PATHS = (
					"$(inherited)",
					"$(PROJECT_DIR)/EUExGaodeMap/sourceCode",
					"$(PROJECT_DIR)/uexGaodeMap",
					"$(PROJECT_DIR)",
					"$(SRCROOT)/../../AppCanPluginTools-iOS/resource/IDEPluginProjectPackageResource",
				);
				GCC_PRECOMPILE_PREFIX_HEADER = YES;
				GCC_PREFIX_HEADER = "EUExGaodeMap/sourceCode/AppCanPlugin-Prefix.pch";
				HEADER_SEARCH_PATHS = "$(SRCROOT)/../../AppCanPluginTools-iOS/resource/IDEPluginProjectPackageResource";
				INFOPLIST_FILE = "$(SRCROOT)/../../AppCanPluginTools-iOS/resource/IDEPluginProjectPackageResource/info.plist";
				INSTALL_PATH = "$(LOCAL_LIBRARY_DIR)/Frameworks";
				IPHONEOS_DEPLOYMENT_TARGET = 8.0;
				LD_RUNPATH_SEARCH_PATHS = "$(inherited) @executable_path/Frameworks @executable_path @loader_path/Frameworks @loader_path";
				LIBRARY_SEARCH_PATHS = (
					"$(inherited)",
					"$(SRCROOT)/../../AppCanPluginTools-iOS/resource/IDEPluginProjectPackageResource",
				);
				ONLY_ACTIVE_ARCH = NO;
				OTHER_LDFLAGS = (
					"-ObjC",
					"$(SRCROOT)/../../AppCanPluginTools-iOS/resource/IDEPluginProjectPackageResource/AppCanKit.framework/AppCanKit",
				);
				PRODUCT_NAME = uexGaodeMap;
				PROVISIONING_PROFILE = "";
				PROVISIONING_PROFILE_SPECIFIER = "";
				SKIP_INSTALL = YES;
			};
			name = Debug;
		};
		C62D1D0D1B05E2D6002B1875 /* Release */ = {
			isa = XCBuildConfiguration;
			buildSettings = {
				BUNDLE_IDENTIFIER = com.zywx.runner;
				CLANG_ENABLE_OBJC_ARC = YES;
				"CODE_SIGN_IDENTITY[sdk=iphoneos*]" = "iPhone Developer";
				CONFIGURATION_BUILD_DIR = "$(SRCROOT)/uexGaodeMap/IDE/";
				DEBUG_INFORMATION_FORMAT = dwarf;
				DEFINES_MODULE = YES;
				DEVELOPMENT_TEAM = "";
				DYLIB_COMPATIBILITY_VERSION = 1;
				DYLIB_CURRENT_VERSION = 1;
				DYLIB_INSTALL_NAME_BASE = "@rpath";
				ENABLE_BITCODE = NO;
				FRAMEWORK_SEARCH_PATHS = (
					"$(inherited)",
					"$(PROJECT_DIR)/EUExGaodeMap/sourceCode",
					"$(PROJECT_DIR)/uexGaodeMap",
					"$(PROJECT_DIR)",
					"$(SRCROOT)/../../AppCanPluginTools-iOS/resource/IDEPluginProjectPackageResource",
				);
				GCC_PRECOMPILE_PREFIX_HEADER = YES;
				GCC_PREFIX_HEADER = "EUExGaodeMap/sourceCode/AppCanPlugin-Prefix.pch";
				HEADER_SEARCH_PATHS = "$(SRCROOT)/../../AppCanPluginTools-iOS/resource/IDEPluginProjectPackageResource";
				INFOPLIST_FILE = "$(SRCROOT)/../../AppCanPluginTools-iOS/resource/IDEPluginProjectPackageResource/info.plist";
				INSTALL_PATH = "$(LOCAL_LIBRARY_DIR)/Frameworks";
				IPHONEOS_DEPLOYMENT_TARGET = 8.0;
				LD_RUNPATH_SEARCH_PATHS = "$(inherited) @executable_path/Frameworks @executable_path @loader_path/Frameworks @loader_path";
				LIBRARY_SEARCH_PATHS = (
					"$(inherited)",
					"$(SRCROOT)/../../AppCanPluginTools-iOS/resource/IDEPluginProjectPackageResource",
				);
				ONLY_ACTIVE_ARCH = NO;
				OTHER_LDFLAGS = (
					"-ObjC",
					"$(SRCROOT)/../../AppCanPluginTools-iOS/resource/IDEPluginProjectPackageResource/AppCanKit.framework/AppCanKit",
				);
				PRODUCT_NAME = uexGaodeMap;
				PROVISIONING_PROFILE = "";
				PROVISIONING_PROFILE_SPECIFIER = "";
				SKIP_INSTALL = YES;
			};
			name = Release;
		};
/* End XCBuildConfiguration section */

/* Begin XCConfigurationList section */
		C62D1CF21B05E2D6002B1875 /* Build configuration list for PBXProject "EUExGaodeMapIDE" */ = {
			isa = XCConfigurationList;
			buildConfigurations = (
				C62D1D091B05E2D6002B1875 /* Debug */,
				C62D1D0A1B05E2D6002B1875 /* Release */,
			);
			defaultConfigurationIsVisible = 0;
			defaultConfigurationName = Release;
		};
		C62D1D0B1B05E2D6002B1875 /* Build configuration list for PBXNativeTarget "EUExGaodeMap" */ = {
			isa = XCConfigurationList;
			buildConfigurations = (
				C62D1D0C1B05E2D6002B1875 /* Debug */,
				C62D1D0D1B05E2D6002B1875 /* Release */,
			);
			defaultConfigurationIsVisible = 0;
			defaultConfigurationName = Release;
		};
/* End XCConfigurationList section */
	};
	rootObject = C62D1CEF1B05E2D6002B1875 /* Project object */;
}
