// !$*UTF8*$!
{
	archiveVersion = 1;
	classes = {
	};
	objectVersion = 46;
	objects = {

/* Begin PBXBuildFile section */
		2151FFA91DE6C4A20031FCB8 /* CustomView.m in Sources */ = {isa = PBXBuildFile; fileRef = 2151FFA81DE6C4A20031FCB8 /* CustomView.m */; };
		4235B2901B5739F9004DA814 /* GaodeError.m in Sources */ = {isa = PBXBuildFile; fileRef = 4235B2731B5739F9004DA814 /* GaodeError.m */; };
		4235B2911B5739F9004DA814 /* GaodeUtility.m in Sources */ = {isa = PBXBuildFile; fileRef = 4235B2751B5739F9004DA814 /* GaodeUtility.m */; };
		4235B2921B5739F9004DA814 /* GaodeCACalloutBase.m in Sources */ = {isa = PBXBuildFile; fileRef = 4235B2781B5739F9004DA814 /* GaodeCACalloutBase.m */; };
		4235B2931B5739F9004DA814 /* GaodeCACalloutTextBox.m in Sources */ = {isa = PBXBuildFile; fileRef = 4235B27B1B5739F9004DA814 /* GaodeCACalloutTextBox.m */; };
		4235B2941B5739F9004DA814 /* GaodeCustomAnnotationView.m in Sources */ = {isa = PBXBuildFile; fileRef = 4235B27D1B5739F9004DA814 /* GaodeCustomAnnotationView.m */; };
		4235B2951B5739F9004DA814 /* GaodeCircle.m in Sources */ = {isa = PBXBuildFile; fileRef = 4235B2811B5739F9004DA814 /* GaodeCircle.m */; };
		4235B2961B5739F9004DA814 /* GaodeGroundOverlay.m in Sources */ = {isa = PBXBuildFile; fileRef = 4235B2831B5739F9004DA814 /* GaodeGroundOverlay.m */; };
		4235B2971B5739F9004DA814 /* GaodeLocationStyle.m in Sources */ = {isa = PBXBuildFile; fileRef = 4235B2851B5739F9004DA814 /* GaodeLocationStyle.m */; };
		4235B2981B5739F9004DA814 /* GaodePointAnnotation.m in Sources */ = {isa = PBXBuildFile; fileRef = 4235B2881B5739F9004DA814 /* GaodePointAnnotation.m */; };
		4235B2991B5739F9004DA814 /* GaodePolygon.m in Sources */ = {isa = PBXBuildFile; fileRef = 4235B28A1B5739F9004DA814 /* GaodePolygon.m */; };
		4235B29A1B5739F9004DA814 /* GaodePolyline.m in Sources */ = {isa = PBXBuildFile; fileRef = 4235B28C1B5739F9004DA814 /* GaodePolyline.m */; };
		4235B29B1B5739F9004DA814 /* GaodeOfflineMapManager.m in Sources */ = {isa = PBXBuildFile; fileRef = 4235B28F1B5739F9004DA814 /* GaodeOfflineMapManager.m */; };
		4235B29E1B573A6E004DA814 /* GaodeOfflineInQueueItem.m in Sources */ = {isa = PBXBuildFile; fileRef = 4235B29D1B573A6E004DA814 /* GaodeOfflineInQueueItem.m */; };
		4247F9471B85DBBF00DDE38A /* GaodeCustomButton.m in Sources */ = {isa = PBXBuildFile; fileRef = 4247F9441B85DBBF00DDE38A /* GaodeCustomButton.m */; };
		4247F9481B85DBBF00DDE38A /* GaodeCustomButtonManager.m in Sources */ = {isa = PBXBuildFile; fileRef = 4247F9461B85DBBF00DDE38A /* GaodeCustomButtonManager.m */; };
		424AD0141C24EF6200EEC1F8 /* AMapNaviKit.framework in Frameworks */ = {isa = PBXBuildFile; fileRef = 424AD0131C24EF6200EEC1F8 /* AMapNaviKit.framework */; };
		424AD0291C25209400EEC1F8 /* AMapNaviKit.framework in CopyFiles */ = {isa = PBXBuildFile; fileRef = 424AD0131C24EF6200EEC1F8 /* AMapNaviKit.framework */; };
		424AD02A1C25209A00EEC1F8 /* AMapSearchKit.framework in CopyFiles */ = {isa = PBXBuildFile; fileRef = C62D1D1C1B05E3D1002B1875 /* AMapSearchKit.framework */; };
		424AD02B1C25209E00EEC1F8 /* AMap.bundle in CopyFiles */ = {isa = PBXBuildFile; fileRef = C62D1D1B1B05E3D1002B1875 /* AMap.bundle */; };
		42A5E38C1BC7520F00E6E385 /* NSDictionary+uexGaodeMap.m in Sources */ = {isa = PBXBuildFile; fileRef = 42A5E38B1BC7520F00E6E385 /* NSDictionary+uexGaodeMap.m */; };
		C62D1D3E1B05E3D1002B1875 /* EUExGaodeMap.m in Sources */ = {isa = PBXBuildFile; fileRef = C62D1D191B05E3D1002B1875 /* EUExGaodeMap.m */; };
		C62D1D3F1B05E3D1002B1875 /* AMapSearchKit.framework in Frameworks */ = {isa = PBXBuildFile; fileRef = C62D1D1C1B05E3D1002B1875 /* AMapSearchKit.framework */; };
		C62D1D411B05E3D1002B1875 /* EUExGaodeMapInstance.m in Sources */ = {isa = PBXBuildFile; fileRef = C62D1D211B05E3D1002B1875 /* EUExGaodeMapInstance.m */; };
		C62D1D4D1B05E421002B1875 /* UIKit.framework in Frameworks */ = {isa = PBXBuildFile; fileRef = C62D1D4C1B05E421002B1875 /* UIKit.framework */; };
		C62D1D4F1B05E433002B1875 /* Foundation.framework in Frameworks */ = {isa = PBXBuildFile; fileRef = C62D1D4E1B05E433002B1875 /* Foundation.framework */; };
		C62D1D511B05E43D002B1875 /* CoreGraphics.framework in Frameworks */ = {isa = PBXBuildFile; fileRef = C62D1D501B05E43D002B1875 /* CoreGraphics.framework */; };
		C62D1D531B05E443002B1875 /* QuartzCore.framework in Frameworks */ = {isa = PBXBuildFile; fileRef = C62D1D521B05E443002B1875 /* QuartzCore.framework */; };
		C62D1D551B05E447002B1875 /* OpenGLES.framework in Frameworks */ = {isa = PBXBuildFile; fileRef = C62D1D541B05E447002B1875 /* OpenGLES.framework */; };
		C62D1D571B05E44D002B1875 /* CoreLocation.framework in Frameworks */ = {isa = PBXBuildFile; fileRef = C62D1D561B05E44D002B1875 /* CoreLocation.framework */; };
		C62D1D591B05E459002B1875 /* CoreTelephony.framework in Frameworks */ = {isa = PBXBuildFile; fileRef = C62D1D581B05E459002B1875 /* CoreTelephony.framework */; };
		C62D1D5B1B05E46A002B1875 /* SystemConfiguration.framework in Frameworks */ = {isa = PBXBuildFile; fileRef = C62D1D5A1B05E46A002B1875 /* SystemConfiguration.framework */; };
		C62D1D5D1B05E477002B1875 /* Security.framework in Frameworks */ = {isa = PBXBuildFile; fileRef = C62D1D5C1B05E477002B1875 /* Security.framework */; };
/* End PBXBuildFile section */

/* Begin PBXCopyFilesBuildPhase section */
		C62D1CF51B05E2D6002B1875 /* CopyFiles */ = {
			isa = PBXCopyFilesBuildPhase;
			buildActionMask = 2147483647;
			dstPath = "";
			dstSubfolderSpec = 16;
			files = (
				424AD02B1C25209E00EEC1F8 /* AMap.bundle in CopyFiles */,
				424AD02A1C25209A00EEC1F8 /* AMapSearchKit.framework in CopyFiles */,
				424AD0291C25209400EEC1F8 /* AMapNaviKit.framework in CopyFiles */,
			);
			runOnlyForDeploymentPostprocessing = 0;
		};
/* End PBXCopyFilesBuildPhase section */

/* Begin PBXFileReference section */
		2151FFA71DE6C4A20031FCB8 /* CustomView.h */ = {isa = PBXFileReference; fileEncoding = 4; lastKnownFileType = sourcecode.c.h; path = CustomView.h; sourceTree = "<group>"; };
		2151FFA81DE6C4A20031FCB8 /* CustomView.m */ = {isa = PBXFileReference; fileEncoding = 4; lastKnownFileType = sourcecode.c.objc; path = CustomView.m; sourceTree = "<group>"; };
		4235B2721B5739F9004DA814 /* GaodeError.h */ = {isa = PBXFileReference; fileEncoding = 4; lastKnownFileType = sourcecode.c.h; path = GaodeError.h; sourceTree = "<group>"; };
		4235B2731B5739F9004DA814 /* GaodeError.m */ = {isa = PBXFileReference; fileEncoding = 4; lastKnownFileType = sourcecode.c.objc; path = GaodeError.m; sourceTree = "<group>"; };
		4235B2741B5739F9004DA814 /* GaodeUtility.h */ = {isa = PBXFileReference; fileEncoding = 4; lastKnownFileType = sourcecode.c.h; path = GaodeUtility.h; sourceTree = "<group>"; };
		4235B2751B5739F9004DA814 /* GaodeUtility.m */ = {isa = PBXFileReference; fileEncoding = 4; lastKnownFileType = sourcecode.c.objc; path = GaodeUtility.m; sourceTree = "<group>"; };
		4235B2771B5739F9004DA814 /* GaodeCACalloutBase.h */ = {isa = PBXFileReference; fileEncoding = 4; lastKnownFileType = sourcecode.c.h; path = GaodeCACalloutBase.h; sourceTree = "<group>"; };
		4235B2781B5739F9004DA814 /* GaodeCACalloutBase.m */ = {isa = PBXFileReference; fileEncoding = 4; lastKnownFileType = sourcecode.c.objc; path = GaodeCACalloutBase.m; sourceTree = "<group>"; };
		4235B2791B5739F9004DA814 /* GaodeCACallouts.h */ = {isa = PBXFileReference; fileEncoding = 4; lastKnownFileType = sourcecode.c.h; path = GaodeCACallouts.h; sourceTree = "<group>"; };
		4235B27A1B5739F9004DA814 /* GaodeCACalloutTextBox.h */ = {isa = PBXFileReference; fileEncoding = 4; lastKnownFileType = sourcecode.c.h; path = GaodeCACalloutTextBox.h; sourceTree = "<group>"; };
		4235B27B1B5739F9004DA814 /* GaodeCACalloutTextBox.m */ = {isa = PBXFileReference; fileEncoding = 4; lastKnownFileType = sourcecode.c.objc; path = GaodeCACalloutTextBox.m; sourceTree = "<group>"; };
		4235B27C1B5739F9004DA814 /* GaodeCustomAnnotationView.h */ = {isa = PBXFileReference; fileEncoding = 4; lastKnownFileType = sourcecode.c.h; path = GaodeCustomAnnotationView.h; sourceTree = "<group>"; };
		4235B27D1B5739F9004DA814 /* GaodeCustomAnnotationView.m */ = {isa = PBXFileReference; fileEncoding = 4; lastKnownFileType = sourcecode.c.objc; path = GaodeCustomAnnotationView.m; sourceTree = "<group>"; };
		4235B2801B5739F9004DA814 /* GaodeCircle.h */ = {isa = PBXFileReference; fileEncoding = 4; lastKnownFileType = sourcecode.c.h; path = GaodeCircle.h; sourceTree = "<group>"; };
		4235B2811B5739F9004DA814 /* GaodeCircle.m */ = {isa = PBXFileReference; fileEncoding = 4; lastKnownFileType = sourcecode.c.objc; path = GaodeCircle.m; sourceTree = "<group>"; };
		4235B2821B5739F9004DA814 /* GaodeGroundOverlay.h */ = {isa = PBXFileReference; fileEncoding = 4; lastKnownFileType = sourcecode.c.h; path = GaodeGroundOverlay.h; sourceTree = "<group>"; };
		4235B2831B5739F9004DA814 /* GaodeGroundOverlay.m */ = {isa = PBXFileReference; fileEncoding = 4; lastKnownFileType = sourcecode.c.objc; path = GaodeGroundOverlay.m; sourceTree = "<group>"; };
		4235B2841B5739F9004DA814 /* GaodeLocationStyle.h */ = {isa = PBXFileReference; fileEncoding = 4; lastKnownFileType = sourcecode.c.h; path = GaodeLocationStyle.h; sourceTree = "<group>"; };
		4235B2851B5739F9004DA814 /* GaodeLocationStyle.m */ = {isa = PBXFileReference; fileEncoding = 4; lastKnownFileType = sourcecode.c.objc; path = GaodeLocationStyle.m; sourceTree = "<group>"; };
		4235B2861B5739F9004DA814 /* GaodeModels.h */ = {isa = PBXFileReference; fileEncoding = 4; lastKnownFileType = sourcecode.c.h; path = GaodeModels.h; sourceTree = "<group>"; };
		4235B2871B5739F9004DA814 /* GaodePointAnnotation.h */ = {isa = PBXFileReference; fileEncoding = 4; lastKnownFileType = sourcecode.c.h; path = GaodePointAnnotation.h; sourceTree = "<group>"; };
		4235B2881B5739F9004DA814 /* GaodePointAnnotation.m */ = {isa = PBXFileReference; fileEncoding = 4; lastKnownFileType = sourcecode.c.objc; path = GaodePointAnnotation.m; sourceTree = "<group>"; };
		4235B2891B5739F9004DA814 /* GaodePolygon.h */ = {isa = PBXFileReference; fileEncoding = 4; lastKnownFileType = sourcecode.c.h; path = GaodePolygon.h; sourceTree = "<group>"; };
		4235B28A1B5739F9004DA814 /* GaodePolygon.m */ = {isa = PBXFileReference; fileEncoding = 4; lastKnownFileType = sourcecode.c.objc; path = GaodePolygon.m; sourceTree = "<group>"; };
		4235B28B1B5739F9004DA814 /* GaodePolyline.h */ = {isa = PBXFileReference; fileEncoding = 4; lastKnownFileType = sourcecode.c.h; path = GaodePolyline.h; sourceTree = "<group>"; };
		4235B28C1B5739F9004DA814 /* GaodePolyline.m */ = {isa = PBXFileReference; fileEncoding = 4; lastKnownFileType = sourcecode.c.objc; path = GaodePolyline.m; sourceTree = "<group>"; };
		4235B28E1B5739F9004DA814 /* GaodeOfflineMapManager.h */ = {isa = PBXFileReference; fileEncoding = 4; lastKnownFileType = sourcecode.c.h; path = GaodeOfflineMapManager.h; sourceTree = "<group>"; };
		4235B28F1B5739F9004DA814 /* GaodeOfflineMapManager.m */ = {isa = PBXFileReference; fileEncoding = 4; lastKnownFileType = sourcecode.c.objc; path = GaodeOfflineMapManager.m; sourceTree = "<group>"; };
		4235B29C1B573A6E004DA814 /* GaodeOfflineInQueueItem.h */ = {isa = PBXFileReference; fileEncoding = 4; lastKnownFileType = sourcecode.c.h; path = GaodeOfflineInQueueItem.h; sourceTree = "<group>"; };
		4235B29D1B573A6E004DA814 /* GaodeOfflineInQueueItem.m */ = {isa = PBXFileReference; fileEncoding = 4; lastKnownFileType = sourcecode.c.objc; path = GaodeOfflineInQueueItem.m; sourceTree = "<group>"; };
		4247F9431B85DBBF00DDE38A /* GaodeCustomButton.h */ = {isa = PBXFileReference; fileEncoding = 4; lastKnownFileType = sourcecode.c.h; path = GaodeCustomButton.h; sourceTree = "<group>"; };
		4247F9441B85DBBF00DDE38A /* GaodeCustomButton.m */ = {isa = PBXFileReference; fileEncoding = 4; lastKnownFileType = sourcecode.c.objc; path = GaodeCustomButton.m; sourceTree = "<group>"; };
		4247F9451B85DBBF00DDE38A /* GaodeCustomButtonManager.h */ = {isa = PBXFileReference; fileEncoding = 4; lastKnownFileType = sourcecode.c.h; path = GaodeCustomButtonManager.h; sourceTree = "<group>"; };
		4247F9461B85DBBF00DDE38A /* GaodeCustomButtonManager.m */ = {isa = PBXFileReference; fileEncoding = 4; lastKnownFileType = sourcecode.c.objc; path = GaodeCustomButtonManager.m; sourceTree = "<group>"; };
		424AD0131C24EF6200EEC1F8 /* AMapNaviKit.framework */ = {isa = PBXFileReference; lastKnownFileType = wrapper.framework; path = AMapNaviKit.framework; sourceTree = "<group>"; };
		42A5E38A1BC7520F00E6E385 /* NSDictionary+uexGaodeMap.h */ = {isa = PBXFileReference; fileEncoding = 4; lastKnownFileType = sourcecode.c.h; path = "NSDictionary+uexGaodeMap.h"; sourceTree = "<group>"; };
		42A5E38B1BC7520F00E6E385 /* NSDictionary+uexGaodeMap.m */ = {isa = PBXFileReference; fileEncoding = 4; lastKnownFileType = sourcecode.c.objc; path = "NSDictionary+uexGaodeMap.m"; sourceTree = "<group>"; };
		C62D1CF71B05E2D6002B1875 /* libuexGaodeMap.a */ = {isa = PBXFileReference; explicitFileType = archive.ar; includeInIndex = 0; path = libuexGaodeMap.a; sourceTree = BUILT_PRODUCTS_DIR; };
		C62D1D131B05E3D1002B1875 /* EBrowserView.h */ = {isa = PBXFileReference; fileEncoding = 4; lastKnownFileType = sourcecode.c.h; path = EBrowserView.h; sourceTree = "<group>"; };
		C62D1D141B05E3D1002B1875 /* EUExBase.h */ = {isa = PBXFileReference; fileEncoding = 4; lastKnownFileType = sourcecode.c.h; path = EUExBase.h; sourceTree = "<group>"; };
		C62D1D151B05E3D1002B1875 /* EUExBaseDefine.h */ = {isa = PBXFileReference; fileEncoding = 4; lastKnownFileType = sourcecode.c.h; path = EUExBaseDefine.h; sourceTree = "<group>"; };
		C62D1D161B05E3D1002B1875 /* EUtility.h */ = {isa = PBXFileReference; fileEncoding = 4; lastKnownFileType = sourcecode.c.h; path = EUtility.h; sourceTree = "<group>"; };
		C62D1D171B05E3D1002B1875 /* WidgetOneDelegate.h */ = {isa = PBXFileReference; fileEncoding = 4; lastKnownFileType = sourcecode.c.h; path = WidgetOneDelegate.h; sourceTree = "<group>"; };
		C62D1D181B05E3D1002B1875 /* EUExGaodeMap.h */ = {isa = PBXFileReference; fileEncoding = 4; lastKnownFileType = sourcecode.c.h; path = EUExGaodeMap.h; sourceTree = "<group>"; };
		C62D1D191B05E3D1002B1875 /* EUExGaodeMap.m */ = {isa = PBXFileReference; fileEncoding = 4; lastKnownFileType = sourcecode.c.objc; path = EUExGaodeMap.m; sourceTree = "<group>"; };
		C62D1D1B1B05E3D1002B1875 /* AMap.bundle */ = {isa = PBXFileReference; lastKnownFileType = "wrapper.plug-in"; path = AMap.bundle; sourceTree = "<group>"; };
		C62D1D1C1B05E3D1002B1875 /* AMapSearchKit.framework */ = {isa = PBXFileReference; lastKnownFileType = wrapper.framework; path = AMapSearchKit.framework; sourceTree = "<group>"; };
		C62D1D1D1B05E3D1002B1875 /* AppCanPlugin-Prefix.pch */ = {isa = PBXFileReference; fileEncoding = 4; lastKnownFileType = sourcecode.c.h; path = "AppCanPlugin-Prefix.pch"; sourceTree = "<group>"; };
		C62D1D201B05E3D1002B1875 /* EUExGaodeMapInstance.h */ = {isa = PBXFileReference; fileEncoding = 4; lastKnownFileType = sourcecode.c.h; path = EUExGaodeMapInstance.h; sourceTree = "<group>"; };
		C62D1D211B05E3D1002B1875 /* EUExGaodeMapInstance.m */ = {isa = PBXFileReference; fileEncoding = 4; lastKnownFileType = sourcecode.c.objc; path = EUExGaodeMapInstance.m; sourceTree = "<group>"; };
		C62D1D231B05E3D1002B1875 /* JSON.h */ = {isa = PBXFileReference; fileEncoding = 4; lastKnownFileType = sourcecode.c.h; path = JSON.h; sourceTree = "<group>"; };
		C62D1D241B05E3D1002B1875 /* JSONParser.h */ = {isa = PBXFileReference; fileEncoding = 4; lastKnownFileType = sourcecode.c.h; path = JSONParser.h; sourceTree = "<group>"; };
		C62D1D251B05E3D1002B1875 /* NSObject+SBJSON.h */ = {isa = PBXFileReference; fileEncoding = 4; lastKnownFileType = sourcecode.c.h; path = "NSObject+SBJSON.h"; sourceTree = "<group>"; };
		C62D1D261B05E3D1002B1875 /* NSString+SBJSON.h */ = {isa = PBXFileReference; fileEncoding = 4; lastKnownFileType = sourcecode.c.h; path = "NSString+SBJSON.h"; sourceTree = "<group>"; };
		C62D1D271B05E3D1002B1875 /* SBJSON.h */ = {isa = PBXFileReference; fileEncoding = 4; lastKnownFileType = sourcecode.c.h; path = SBJSON.h; sourceTree = "<group>"; };
		C62D1D281B05E3D1002B1875 /* SBJsonBase.h */ = {isa = PBXFileReference; fileEncoding = 4; lastKnownFileType = sourcecode.c.h; path = SBJsonBase.h; sourceTree = "<group>"; };
		C62D1D291B05E3D1002B1875 /* SBJsonParser.h */ = {isa = PBXFileReference; fileEncoding = 4; lastKnownFileType = sourcecode.c.h; path = SBJsonParser.h; sourceTree = "<group>"; };
		C62D1D2A1B05E3D1002B1875 /* SBJsonWriter.h */ = {isa = PBXFileReference; fileEncoding = 4; lastKnownFileType = sourcecode.c.h; path = SBJsonWriter.h; sourceTree = "<group>"; };
		C62D1D4C1B05E421002B1875 /* UIKit.framework */ = {isa = PBXFileReference; lastKnownFileType = wrapper.framework; name = UIKit.framework; path = System/Library/Frameworks/UIKit.framework; sourceTree = SDKROOT; };
		C62D1D4E1B05E433002B1875 /* Foundation.framework */ = {isa = PBXFileReference; lastKnownFileType = wrapper.framework; name = Foundation.framework; path = System/Library/Frameworks/Foundation.framework; sourceTree = SDKROOT; };
		C62D1D501B05E43D002B1875 /* CoreGraphics.framework */ = {isa = PBXFileReference; lastKnownFileType = wrapper.framework; name = CoreGraphics.framework; path = System/Library/Frameworks/CoreGraphics.framework; sourceTree = SDKROOT; };
		C62D1D521B05E443002B1875 /* QuartzCore.framework */ = {isa = PBXFileReference; lastKnownFileType = wrapper.framework; name = QuartzCore.framework; path = System/Library/Frameworks/QuartzCore.framework; sourceTree = SDKROOT; };
		C62D1D541B05E447002B1875 /* OpenGLES.framework */ = {isa = PBXFileReference; lastKnownFileType = wrapper.framework; name = OpenGLES.framework; path = System/Library/Frameworks/OpenGLES.framework; sourceTree = SDKROOT; };
		C62D1D561B05E44D002B1875 /* CoreLocation.framework */ = {isa = PBXFileReference; lastKnownFileType = wrapper.framework; name = CoreLocation.framework; path = System/Library/Frameworks/CoreLocation.framework; sourceTree = SDKROOT; };
		C62D1D581B05E459002B1875 /* CoreTelephony.framework */ = {isa = PBXFileReference; lastKnownFileType = wrapper.framework; name = CoreTelephony.framework; path = System/Library/Frameworks/CoreTelephony.framework; sourceTree = SDKROOT; };
		C62D1D5A1B05E46A002B1875 /* SystemConfiguration.framework */ = {isa = PBXFileReference; lastKnownFileType = wrapper.framework; name = SystemConfiguration.framework; path = System/Library/Frameworks/SystemConfiguration.framework; sourceTree = SDKROOT; };
		C62D1D5C1B05E477002B1875 /* Security.framework */ = {isa = PBXFileReference; lastKnownFileType = wrapper.framework; name = Security.framework; path = System/Library/Frameworks/Security.framework; sourceTree = SDKROOT; };
/* End PBXFileReference section */

/* Begin PBXFrameworksBuildPhase section */
		C62D1CF41B05E2D6002B1875 /* Frameworks */ = {
			isa = PBXFrameworksBuildPhase;
			buildActionMask = 2147483647;
			files = (
				424AD0141C24EF6200EEC1F8 /* AMapNaviKit.framework in Frameworks */,
				C62D1D5D1B05E477002B1875 /* Security.framework in Frameworks */,
				C62D1D5B1B05E46A002B1875 /* SystemConfiguration.framework in Frameworks */,
				C62D1D591B05E459002B1875 /* CoreTelephony.framework in Frameworks */,
				C62D1D571B05E44D002B1875 /* CoreLocation.framework in Frameworks */,
				C62D1D551B05E447002B1875 /* OpenGLES.framework in Frameworks */,
				C62D1D531B05E443002B1875 /* QuartzCore.framework in Frameworks */,
				C62D1D511B05E43D002B1875 /* CoreGraphics.framework in Frameworks */,
				C62D1D4F1B05E433002B1875 /* Foundation.framework in Frameworks */,
				C62D1D4D1B05E421002B1875 /* UIKit.framework in Frameworks */,
				C62D1D3F1B05E3D1002B1875 /* AMapSearchKit.framework in Frameworks */,
			);
			runOnlyForDeploymentPostprocessing = 0;
		};
/* End PBXFrameworksBuildPhase section */

/* Begin PBXGroup section */
		4235B2701B5739F9004DA814 /* Classes */ = {
			isa = PBXGroup;
			children = (
				4247F9421B85DBBF00DDE38A /* CustomButton */,
				4235B2711B5739F9004DA814 /* Base */,
				4235B2761B5739F9004DA814 /* CustomAnnotation */,
				4235B27F1B5739F9004DA814 /* Model */,
				4235B28D1B5739F9004DA814 /* OfflineMap */,
			);
			path = Classes;
			sourceTree = "<group>";
		};
		4235B2711B5739F9004DA814 /* Base */ = {
			isa = PBXGroup;
			children = (
				4235B2721B5739F9004DA814 /* GaodeError.h */,
				4235B2731B5739F9004DA814 /* GaodeError.m */,
				4235B2741B5739F9004DA814 /* GaodeUtility.h */,
				4235B2751B5739F9004DA814 /* GaodeUtility.m */,
				42A5E38A1BC7520F00E6E385 /* NSDictionary+uexGaodeMap.h */,
				42A5E38B1BC7520F00E6E385 /* NSDictionary+uexGaodeMap.m */,
			);
			path = Base;
			sourceTree = "<group>";
		};
		4235B2761B5739F9004DA814 /* CustomAnnotation */ = {
			isa = PBXGroup;
			children = (
				4235B2771B5739F9004DA814 /* GaodeCACalloutBase.h */,
				4235B2781B5739F9004DA814 /* GaodeCACalloutBase.m */,
				4235B2791B5739F9004DA814 /* GaodeCACallouts.h */,
				4235B27A1B5739F9004DA814 /* GaodeCACalloutTextBox.h */,
				4235B27B1B5739F9004DA814 /* GaodeCACalloutTextBox.m */,
				4235B27C1B5739F9004DA814 /* GaodeCustomAnnotationView.h */,
				4235B27D1B5739F9004DA814 /* GaodeCustomAnnotationView.m */,
				2151FFA71DE6C4A20031FCB8 /* CustomView.h */,
				2151FFA81DE6C4A20031FCB8 /* CustomView.m */,
			);
			path = CustomAnnotation;
			sourceTree = "<group>";
		};
		4235B27F1B5739F9004DA814 /* Model */ = {
			isa = PBXGroup;
			children = (
				4235B2801B5739F9004DA814 /* GaodeCircle.h */,
				4235B2811B5739F9004DA814 /* GaodeCircle.m */,
				4235B2821B5739F9004DA814 /* GaodeGroundOverlay.h */,
				4235B2831B5739F9004DA814 /* GaodeGroundOverlay.m */,
				4235B2841B5739F9004DA814 /* GaodeLocationStyle.h */,
				4235B2851B5739F9004DA814 /* GaodeLocationStyle.m */,
				4235B2861B5739F9004DA814 /* GaodeModels.h */,
				4235B2871B5739F9004DA814 /* GaodePointAnnotation.h */,
				4235B2881B5739F9004DA814 /* GaodePointAnnotation.m */,
				4235B2891B5739F9004DA814 /* GaodePolygon.h */,
				4235B28A1B5739F9004DA814 /* GaodePolygon.m */,
				4235B28B1B5739F9004DA814 /* GaodePolyline.h */,
				4235B28C1B5739F9004DA814 /* GaodePolyline.m */,
			);
			path = Model;
			sourceTree = "<group>";
		};
		4235B28D1B5739F9004DA814 /* OfflineMap */ = {
			isa = PBXGroup;
			children = (
				4235B28E1B5739F9004DA814 /* GaodeOfflineMapManager.h */,
				4235B28F1B5739F9004DA814 /* GaodeOfflineMapManager.m */,
				4235B29C1B573A6E004DA814 /* GaodeOfflineInQueueItem.h */,
				4235B29D1B573A6E004DA814 /* GaodeOfflineInQueueItem.m */,
			);
			path = OfflineMap;
			sourceTree = "<group>";
		};
		4247F9421B85DBBF00DDE38A /* CustomButton */ = {
			isa = PBXGroup;
			children = (
				4247F9431B85DBBF00DDE38A /* GaodeCustomButton.h */,
				4247F9441B85DBBF00DDE38A /* GaodeCustomButton.m */,
				4247F9451B85DBBF00DDE38A /* GaodeCustomButtonManager.h */,
				4247F9461B85DBBF00DDE38A /* GaodeCustomButtonManager.m */,
			);
			path = CustomButton;
			sourceTree = "<group>";
		};
		C62D1CEE1B05E2D6002B1875 = {
			isa = PBXGroup;
			children = (
				C62D1D111B05E3D1002B1875 /* EUExGaodeMap */,
				C62D1D4B1B05E3DA002B1875 /* Frameworks */,
				C62D1CF81B05E2D6002B1875 /* Products */,
			);
			sourceTree = "<group>";
		};
		C62D1CF81B05E2D6002B1875 /* Products */ = {
			isa = PBXGroup;
			children = (
				C62D1CF71B05E2D6002B1875 /* libuexGaodeMap.a */,
			);
			name = Products;
			sourceTree = "<group>";
		};
		C62D1D111B05E3D1002B1875 /* EUExGaodeMap */ = {
			isa = PBXGroup;
			children = (
				C62D1D121B05E3D1002B1875 /* engineHeader */,
				C62D1D181B05E3D1002B1875 /* EUExGaodeMap.h */,
				C62D1D191B05E3D1002B1875 /* EUExGaodeMap.m */,
				C62D1D1A1B05E3D1002B1875 /* sourceCode */,
			);
			path = EUExGaodeMap;
			sourceTree = "<group>";
		};
		C62D1D121B05E3D1002B1875 /* engineHeader */ = {
			isa = PBXGroup;
			children = (
				C62D1D131B05E3D1002B1875 /* EBrowserView.h */,
				C62D1D141B05E3D1002B1875 /* EUExBase.h */,
				C62D1D151B05E3D1002B1875 /* EUExBaseDefine.h */,
				C62D1D161B05E3D1002B1875 /* EUtility.h */,
				C62D1D171B05E3D1002B1875 /* WidgetOneDelegate.h */,
			);
			path = engineHeader;
			sourceTree = "<group>";
		};
		C62D1D1A1B05E3D1002B1875 /* sourceCode */ = {
			isa = PBXGroup;
			children = (
				4235B2701B5739F9004DA814 /* Classes */,
				C62D1D1B1B05E3D1002B1875 /* AMap.bundle */,
				C62D1D1C1B05E3D1002B1875 /* AMapSearchKit.framework */,
				C62D1D1D1B05E3D1002B1875 /* AppCanPlugin-Prefix.pch */,
				C62D1D201B05E3D1002B1875 /* EUExGaodeMapInstance.h */,
				C62D1D211B05E3D1002B1875 /* EUExGaodeMapInstance.m */,
				424AD0131C24EF6200EEC1F8 /* AMapNaviKit.framework */,
				C62D1D221B05E3D1002B1875 /* JSON */,
			);
			path = sourceCode;
			sourceTree = "<group>";
		};
		C62D1D221B05E3D1002B1875 /* JSON */ = {
			isa = PBXGroup;
			children = (
				C62D1D231B05E3D1002B1875 /* JSON.h */,
				C62D1D241B05E3D1002B1875 /* JSONParser.h */,
				C62D1D251B05E3D1002B1875 /* NSObject+SBJSON.h */,
				C62D1D261B05E3D1002B1875 /* NSString+SBJSON.h */,
				C62D1D271B05E3D1002B1875 /* SBJSON.h */,
				C62D1D281B05E3D1002B1875 /* SBJsonBase.h */,
				C62D1D291B05E3D1002B1875 /* SBJsonParser.h */,
				C62D1D2A1B05E3D1002B1875 /* SBJsonWriter.h */,
			);
			path = JSON;
			sourceTree = "<group>";
		};
		C62D1D4B1B05E3DA002B1875 /* Frameworks */ = {
			isa = PBXGroup;
			children = (
				C62D1D5C1B05E477002B1875 /* Security.framework */,
				C62D1D5A1B05E46A002B1875 /* SystemConfiguration.framework */,
				C62D1D581B05E459002B1875 /* CoreTelephony.framework */,
				C62D1D561B05E44D002B1875 /* CoreLocation.framework */,
				C62D1D541B05E447002B1875 /* OpenGLES.framework */,
				C62D1D521B05E443002B1875 /* QuartzCore.framework */,
				C62D1D501B05E43D002B1875 /* CoreGraphics.framework */,
				C62D1D4E1B05E433002B1875 /* Foundation.framework */,
				C62D1D4C1B05E421002B1875 /* UIKit.framework */,
			);
			name = Frameworks;
			sourceTree = "<group>";
		};
/* End PBXGroup section */

/* Begin PBXNativeTarget section */
		C62D1CF61B05E2D6002B1875 /* EUExGaodeMap */ = {
			isa = PBXNativeTarget;
			buildConfigurationList = C62D1D0B1B05E2D6002B1875 /* Build configuration list for PBXNativeTarget "EUExGaodeMap" */;
			buildPhases = (
				C62D1CF31B05E2D6002B1875 /* Sources */,
				C62D1CF41B05E2D6002B1875 /* Frameworks */,
				C62D1CF51B05E2D6002B1875 /* CopyFiles */,
			);
			buildRules = (
			);
			dependencies = (
			);
			name = EUExGaodeMap;
			productName = EUExGaodeMap;
			productReference = C62D1CF71B05E2D6002B1875 /* libuexGaodeMap.a */;
			productType = "com.apple.product-type.library.static";
		};
/* End PBXNativeTarget section */

/* Begin PBXProject section */
		C62D1CEF1B05E2D6002B1875 /* Project object */ = {
			isa = PBXProject;
			attributes = {
				LastUpgradeCheck = 0640;
				ORGANIZATIONNAME = AppCan;
				TargetAttributes = {
					C62D1CF61B05E2D6002B1875 = {
						CreatedOnToolsVersion = 6.3.1;
					};
				};
			};
			buildConfigurationList = C62D1CF21B05E2D6002B1875 /* Build configuration list for PBXProject "EUExGaodeMap" */;
			compatibilityVersion = "Xcode 3.2";
			developmentRegion = English;
			hasScannedForEncodings = 0;
			knownRegions = (
				en,
			);
			mainGroup = C62D1CEE1B05E2D6002B1875;
			productRefGroup = C62D1CF81B05E2D6002B1875 /* Products */;
			projectDirPath = "";
			projectRoot = "";
			targets = (
				C62D1CF61B05E2D6002B1875 /* EUExGaodeMap */,
			);
		};
/* End PBXProject section */

/* Begin PBXSourcesBuildPhase section */
		C62D1CF31B05E2D6002B1875 /* Sources */ = {
			isa = PBXSourcesBuildPhase;
			buildActionMask = 2147483647;
			files = (
				4235B2901B5739F9004DA814 /* GaodeError.m in Sources */,
				4247F9481B85DBBF00DDE38A /* GaodeCustomButtonManager.m in Sources */,
				4235B2991B5739F9004DA814 /* GaodePolygon.m in Sources */,
				4235B2921B5739F9004DA814 /* GaodeCACalloutBase.m in Sources */,
				4235B29B1B5739F9004DA814 /* GaodeOfflineMapManager.m in Sources */,
				4235B2951B5739F9004DA814 /* GaodeCircle.m in Sources */,
				4247F9471B85DBBF00DDE38A /* GaodeCustomButton.m in Sources */,
				4235B2941B5739F9004DA814 /* GaodeCustomAnnotationView.m in Sources */,
				4235B2981B5739F9004DA814 /* GaodePointAnnotation.m in Sources */,
				2151FFA91DE6C4A20031FCB8 /* CustomView.m in Sources */,
				4235B2911B5739F9004DA814 /* GaodeUtility.m in Sources */,
				4235B2971B5739F9004DA814 /* GaodeLocationStyle.m in Sources */,
				C62D1D411B05E3D1002B1875 /* EUExGaodeMapInstance.m in Sources */,
				4235B29E1B573A6E004DA814 /* GaodeOfflineInQueueItem.m in Sources */,
				4235B2931B5739F9004DA814 /* GaodeCACalloutTextBox.m in Sources */,
				C62D1D3E1B05E3D1002B1875 /* EUExGaodeMap.m in Sources */,
				4235B2961B5739F9004DA814 /* GaodeGroundOverlay.m in Sources */,
				4235B29A1B5739F9004DA814 /* GaodePolyline.m in Sources */,
				42A5E38C1BC7520F00E6E385 /* NSDictionary+uexGaodeMap.m in Sources */,
			);
			runOnlyForDeploymentPostprocessing = 0;
		};
/* End PBXSourcesBuildPhase section */

/* Begin XCBuildConfiguration section */
		C62D1D091B05E2D6002B1875 /* Debug */ = {
			isa = XCBuildConfiguration;
			buildSettings = {
				ALWAYS_SEARCH_USER_PATHS = NO;
				CLANG_CXX_LANGUAGE_STANDARD = "gnu++0x";
				CLANG_CXX_LIBRARY = "libc++";
				CLANG_ENABLE_MODULES = YES;
				CLANG_ENABLE_OBJC_ARC = YES;
				CLANG_WARN_BOOL_CONVERSION = YES;
				CLANG_WARN_CONSTANT_CONVERSION = YES;
				CLANG_WARN_DIRECT_OBJC_ISA_USAGE = YES_ERROR;
				CLANG_WARN_EMPTY_BODY = YES;
				CLANG_WARN_ENUM_CONVERSION = YES;
				CLANG_WARN_INT_CONVERSION = YES;
				CLANG_WARN_OBJC_ROOT_CLASS = YES_ERROR;
				CLANG_WARN_UNREACHABLE_CODE = YES;
				CLANG_WARN__DUPLICATE_METHOD_MATCH = YES;
				COPY_PHASE_STRIP = NO;
				DEBUG_INFORMATION_FORMAT = "dwarf-with-dsym";
				ENABLE_STRICT_OBJC_MSGSEND = YES;
				GCC_C_LANGUAGE_STANDARD = gnu99;
				GCC_DYNAMIC_NO_PIC = NO;
				GCC_NO_COMMON_BLOCKS = YES;
				GCC_OPTIMIZATION_LEVEL = 0;
				GCC_PREPROCESSOR_DEFINITIONS = (
					"DEBUG=1",
					"$(inherited)",
				);
				GCC_SYMBOLS_PRIVATE_EXTERN = NO;
				GCC_WARN_64_TO_32_BIT_CONVERSION = YES;
				GCC_WARN_ABOUT_RETURN_TYPE = YES_ERROR;
				GCC_WARN_UNDECLARED_SELECTOR = YES;
				GCC_WARN_UNINITIALIZED_AUTOS = YES_AGGRESSIVE;
				GCC_WARN_UNUSED_FUNCTION = YES;
				GCC_WARN_UNUSED_VARIABLE = YES;
				IPHONEOS_DEPLOYMENT_TARGET = 8.0;
				MTL_ENABLE_DEBUG_INFO = YES;
				ONLY_ACTIVE_ARCH = NO;
				SDKROOT = iphoneos;
			};
			name = Debug;
		};
		C62D1D0A1B05E2D6002B1875 /* Release */ = {
			isa = XCBuildConfiguration;
			buildSettings = {
				ALWAYS_SEARCH_USER_PATHS = NO;
				CLANG_CXX_LANGUAGE_STANDARD = "gnu++0x";
				CLANG_CXX_LIBRARY = "libc++";
				CLANG_ENABLE_MODULES = YES;
				CLANG_ENABLE_OBJC_ARC = YES;
				CLANG_WARN_BOOL_CONVERSION = YES;
				CLANG_WARN_CONSTANT_CONVERSION = YES;
				CLANG_WARN_DIRECT_OBJC_ISA_USAGE = YES_ERROR;
				CLANG_WARN_EMPTY_BODY = YES;
				CLANG_WARN_ENUM_CONVERSION = YES;
				CLANG_WARN_INT_CONVERSION = YES;
				CLANG_WARN_OBJC_ROOT_CLASS = YES_ERROR;
				CLANG_WARN_UNREACHABLE_CODE = YES;
				CLANG_WARN__DUPLICATE_METHOD_MATCH = YES;
				COPY_PHASE_STRIP = NO;
				DEBUG_INFORMATION_FORMAT = "dwarf-with-dsym";
				ENABLE_NS_ASSERTIONS = NO;
				ENABLE_STRICT_OBJC_MSGSEND = YES;
				GCC_C_LANGUAGE_STANDARD = gnu99;
				GCC_NO_COMMON_BLOCKS = YES;
				GCC_WARN_64_TO_32_BIT_CONVERSION = YES;
				GCC_WARN_ABOUT_RETURN_TYPE = YES_ERROR;
				GCC_WARN_UNDECLARED_SELECTOR = YES;
				GCC_WARN_UNINITIALIZED_AUTOS = YES_AGGRESSIVE;
				GCC_WARN_UNUSED_FUNCTION = YES;
				GCC_WARN_UNUSED_VARIABLE = YES;
				IPHONEOS_DEPLOYMENT_TARGET = 8.0;
				MTL_ENABLE_DEBUG_INFO = NO;
				ONLY_ACTIVE_ARCH = NO;
				SDKROOT = iphoneos;
				VALIDATE_PRODUCT = YES;
			};
			name = Release;
		};
		C62D1D0C1B05E2D6002B1875 /* Debug */ = {
			isa = XCBuildConfiguration;
			buildSettings = {
				CLANG_ENABLE_OBJC_ARC = YES;
				CONFIGURATION_BUILD_DIR = $SRCROOT/uexGaodeMap/;
				FRAMEWORK_SEARCH_PATHS = (
					"$(inherited)",
					"$(PROJECT_DIR)/EUExGaodeMap/sourceCode",
				);
				GCC_PRECOMPILE_PREFIX_HEADER = YES;
				GCC_PREFIX_HEADER = "EUExGaodeMap/sourceCode/AppCanPlugin-Prefix.pch";
				IPHONEOS_DEPLOYMENT_TARGET = 8.0;
				ONLY_ACTIVE_ARCH = NO;
				OTHER_LDFLAGS = "-ObjC";
				PRODUCT_NAME = uexGaodeMap;
				SKIP_INSTALL = YES;
			};
			name = Debug;
		};
		C62D1D0D1B05E2D6002B1875 /* Release */ = {
			isa = XCBuildConfiguration;
			buildSettings = {
				CLANG_ENABLE_OBJC_ARC = YES;
				CONFIGURATION_BUILD_DIR = $SRCROOT/uexGaodeMap/;
				FRAMEWORK_SEARCH_PATHS = (
					"$(inherited)",
					"$(PROJECT_DIR)/EUExGaodeMap/sourceCode",
				);
				GCC_PRECOMPILE_PREFIX_HEADER = YES;
				GCC_PREFIX_HEADER = "EUExGaodeMap/sourceCode/AppCanPlugin-Prefix.pch";
				IPHONEOS_DEPLOYMENT_TARGET = 8.0;
				ONLY_ACTIVE_ARCH = NO;
				OTHER_LDFLAGS = "-ObjC";
				PRODUCT_NAME = uexGaodeMap;
				SKIP_INSTALL = YES;
			};
			name = Release;
		};
/* End XCBuildConfiguration section */

/* Begin XCConfigurationList section */
		C62D1CF21B05E2D6002B1875 /* Build configuration list for PBXProject "EUExGaodeMap" */ = {
			isa = XCConfigurationList;
			buildConfigurations = (
				C62D1D091B05E2D6002B1875 /* Debug */,
				C62D1D0A1B05E2D6002B1875 /* Release */,
			);
			defaultConfigurationIsVisible = 0;
			defaultConfigurationName = Release;
		};
		C62D1D0B1B05E2D6002B1875 /* Build configuration list for PBXNativeTarget "EUExGaodeMap" */ = {
			isa = XCConfigurationList;
			buildConfigurations = (
				C62D1D0C1B05E2D6002B1875 /* Debug */,
				C62D1D0D1B05E2D6002B1875 /* Release */,
			);
			defaultConfigurationIsVisible = 0;
			defaultConfigurationName = Release;
		};
/* End XCConfigurationList section */
	};
	rootObject = C62D1CEF1B05E2D6002B1875 /* Project object */;
}
